// !$*UTF8*$!
{
	archiveVersion = 1;
	classes = {
	};
	objectVersion = 46;
	objects = {

/* Begin PBXBuildFile section */
		39A225191D6B262900F726D3 /* GoogleService-Info.plist in Resources */ = {isa = PBXBuildFile; fileRef = 39A225181D6B262900F726D3 /* GoogleService-Info.plist */; };
		39A225471D6B2E5900F726D3 /* BookingViewController.m in Sources */ = {isa = PBXBuildFile; fileRef = 39A2251C1D6B2E5900F726D3 /* BookingViewController.m */; };
		39A225481D6B2E5900F726D3 /* FaceBookFeedsTableViewController.m in Sources */ = {isa = PBXBuildFile; fileRef = 39A2251E1D6B2E5900F726D3 /* FaceBookFeedsTableViewController.m */; };
		39A225491D6B2E5900F726D3 /* FeedsCustomCell.m in Sources */ = {isa = PBXBuildFile; fileRef = 39A225201D6B2E5900F726D3 /* FeedsCustomCell.m */; };
		39A2254A1D6B2E5900F726D3 /* ForgetPasswordViewController.m in Sources */ = {isa = PBXBuildFile; fileRef = 39A225221D6B2E5900F726D3 /* ForgetPasswordViewController.m */; };
		39A2254B1D6B2E5900F726D3 /* HomeViewController.m in Sources */ = {isa = PBXBuildFile; fileRef = 39A225241D6B2E5900F726D3 /* HomeViewController.m */; };
		39A2254C1D6B2E5900F726D3 /* LeftViewController.m in Sources */ = {isa = PBXBuildFile; fileRef = 39A225261D6B2E5900F726D3 /* LeftViewController.m */; };
		39A2254D1D6B2E5900F726D3 /* LoginViewController.m in Sources */ = {isa = PBXBuildFile; fileRef = 39A225281D6B2E5900F726D3 /* LoginViewController.m */; };
		39A2254E1D6B2E5900F726D3 /* OffersCustomCell.m in Sources */ = {isa = PBXBuildFile; fileRef = 39A2252A1D6B2E5900F726D3 /* OffersCustomCell.m */; };
		39A2254F1D6B2E5900F726D3 /* OffersTableViewController.m in Sources */ = {isa = PBXBuildFile; fileRef = 39A2252C1D6B2E5900F726D3 /* OffersTableViewController.m */; };
		39A225501D6B2E5900F726D3 /* PageContentViewController.m in Sources */ = {isa = PBXBuildFile; fileRef = 39A2252E1D6B2E5900F726D3 /* PageContentViewController.m */; };
		39A225511D6B2E5900F726D3 /* ServiceCollectionCell.m in Sources */ = {isa = PBXBuildFile; fileRef = 39A225301D6B2E5900F726D3 /* ServiceCollectionCell.m */; };
		39A225521D6B2E5900F726D3 /* ServiceCollectionViewCell.m in Sources */ = {isa = PBXBuildFile; fileRef = 39A225321D6B2E5900F726D3 /* ServiceCollectionViewCell.m */; };
		39A225531D6B2E5900F726D3 /* ServiceDetails.m in Sources */ = {isa = PBXBuildFile; fileRef = 39A225341D6B2E5900F726D3 /* ServiceDetails.m */; };
		39A225541D6B2E5900F726D3 /* ServiceListCustomCell.m in Sources */ = {isa = PBXBuildFile; fileRef = 39A225361D6B2E5900F726D3 /* ServiceListCustomCell.m */; };
		39A225551D6B2E5900F726D3 /* ServicesListViewController.m in Sources */ = {isa = PBXBuildFile; fileRef = 39A225381D6B2E5900F726D3 /* ServicesListViewController.m */; };
		39A225561D6B2E5900F726D3 /* ServicesTableViewController.m in Sources */ = {isa = PBXBuildFile; fileRef = 39A2253A1D6B2E5900F726D3 /* ServicesTableViewController.m */; };
		39A225571D6B2E5900F726D3 /* ServiceTableViewCell.m in Sources */ = {isa = PBXBuildFile; fileRef = 39A2253C1D6B2E5900F726D3 /* ServiceTableViewCell.m */; };
		39A225581D6B2E5900F726D3 /* SettingsViewController.m in Sources */ = {isa = PBXBuildFile; fileRef = 39A2253E1D6B2E5900F726D3 /* SettingsViewController.m */; };
		39A225591D6B2E5900F726D3 /* SignUpViewController.m in Sources */ = {isa = PBXBuildFile; fileRef = 39A225401D6B2E5900F726D3 /* SignUpViewController.m */; };
		39A2255A1D6B2E5900F726D3 /* StuffCustomCell.m in Sources */ = {isa = PBXBuildFile; fileRef = 39A225421D6B2E5900F726D3 /* StuffCustomCell.m */; };
		39A2255B1D6B2E5900F726D3 /* StuffTableViewController.m in Sources */ = {isa = PBXBuildFile; fileRef = 39A225441D6B2E5900F726D3 /* StuffTableViewController.m */; };
		39A2259A1D6B2F6100F726D3 /* ChameleonStatusBar.m in Sources */ = {isa = PBXBuildFile; fileRef = 39A225631D6B2F6000F726D3 /* ChameleonStatusBar.m */; };
		39A2259B1D6B2F6100F726D3 /* NSArray+Chameleon.m in Sources */ = {isa = PBXBuildFile; fileRef = 39A225651D6B2F6000F726D3 /* NSArray+Chameleon.m */; };
		39A2259C1D6B2F6100F726D3 /* UIColor+Chameleon.m in Sources */ = {isa = PBXBuildFile; fileRef = 39A225671D6B2F6000F726D3 /* UIColor+Chameleon.m */; };
		39A2259D1D6B2F6100F726D3 /* UIColor+CIELAB.m in Sources */ = {isa = PBXBuildFile; fileRef = 39A225691D6B2F6000F726D3 /* UIColor+CIELAB.m */; };
		39A2259E1D6B2F6100F726D3 /* UIViewController+Chameleon.m in Sources */ = {isa = PBXBuildFile; fileRef = 39A2256B1D6B2F6000F726D3 /* UIViewController+Chameleon.m */; };
		39A2259F1D6B2F6100F726D3 /* RECommonFunctions.m in Sources */ = {isa = PBXBuildFile; fileRef = 39A2256E1D6B2F6000F726D3 /* RECommonFunctions.m */; };
		39A225A01D6B2F6100F726D3 /* RESideMenu.m in Sources */ = {isa = PBXBuildFile; fileRef = 39A225701D6B2F6000F726D3 /* RESideMenu.m */; };
		39A225A11D6B2F6100F726D3 /* UIViewController+RESideMenu.m in Sources */ = {isa = PBXBuildFile; fileRef = 39A225721D6B2F6000F726D3 /* UIViewController+RESideMenu.m */; };
		39A225D01D6B309E00F726D3 /* 32355@2x.png in Resources */ = {isa = PBXBuildFile; fileRef = 39A225B91D6B309E00F726D3 /* 32355@2x.png */; };
		39A225D11D6B309E00F726D3 /* asterik@2x.gif in Resources */ = {isa = PBXBuildFile; fileRef = 39A225BA1D6B309E00F726D3 /* asterik@2x.gif */; };
		39A225D21D6B309E00F726D3 /* call-button-48x48.png in Resources */ = {isa = PBXBuildFile; fileRef = 39A225BB1D6B309E00F726D3 /* call-button-48x48.png */; };
		39A225D31D6B309E00F726D3 /* camera.jpg in Resources */ = {isa = PBXBuildFile; fileRef = 39A225BC1D6B309E00F726D3 /* camera.jpg */; };
		39A225D41D6B309E00F726D3 /* cell_phone_3-512@2x.png in Resources */ = {isa = PBXBuildFile; fileRef = 39A225BD1D6B309E00F726D3 /* cell_phone_3-512@2x.png */; };
		39A225D51D6B309E00F726D3 /* Circle@2x.png in Resources */ = {isa = PBXBuildFile; fileRef = 39A225BE1D6B309E00F726D3 /* Circle@2x.png */; };
		39A225D61D6B309E00F726D3 /* close_button.png in Resources */ = {isa = PBXBuildFile; fileRef = 39A225BF1D6B309E00F726D3 /* close_button.png */; };
		39A225D71D6B309E00F726D3 /* closing_symbol.png in Resources */ = {isa = PBXBuildFile; fileRef = 39A225C01D6B309E00F726D3 /* closing_symbol.png */; };
		39A225D81D6B309E00F726D3 /* Dental.jpg in Resources */ = {isa = PBXBuildFile; fileRef = 39A225C11D6B309E00F726D3 /* Dental.jpg */; };
		39A225D91D6B309E00F726D3 /* dermatology@2x.png in Resources */ = {isa = PBXBuildFile; fileRef = 39A225C21D6B309E00F726D3 /* dermatology@2x.png */; };
		39A225DA1D6B309E00F726D3 /* events-calendar-icon@2x.png in Resources */ = {isa = PBXBuildFile; fileRef = 39A225C31D6B309E00F726D3 /* events-calendar-icon@2x.png */; };
		39A225DB1D6B309E00F726D3 /* Facebook_icon-resized-image-100x100@2x.png in Resources */ = {isa = PBXBuildFile; fileRef = 39A225C41D6B309E00F726D3 /* Facebook_icon-resized-image-100x100@2x.png */; };
		39A225DC1D6B309E00F726D3 /* googleplus@2x.png in Resources */ = {isa = PBXBuildFile; fileRef = 39A225C51D6B309E00F726D3 /* googleplus@2x.png */; };
		39A225DD1D6B309E00F726D3 /* instagram-100x100@2x.png in Resources */ = {isa = PBXBuildFile; fileRef = 39A225C61D6B309E00F726D3 /* instagram-100x100@2x.png */; };
		39A225DE1D6B309E00F726D3 /* lasericon@2x.png in Resources */ = {isa = PBXBuildFile; fileRef = 39A225C71D6B309E00F726D3 /* lasericon@2x.png */; };
		39A225DF1D6B309E00F726D3 /* my_topic@2x.png in Resources */ = {isa = PBXBuildFile; fileRef = 39A225C81D6B309E00F726D3 /* my_topic@2x.png */; };
		39A225E01D6B309E00F726D3 /* navgationBar@2x.png in Resources */ = {isa = PBXBuildFile; fileRef = 39A225C91D6B309E00F726D3 /* navgationBar@2x.png */; };
		39A225E11D6B309E00F726D3 /* profile-bg.png in Resources */ = {isa = PBXBuildFile; fileRef = 39A225CA1D6B309E00F726D3 /* profile-bg.png */; };
		39A225E21D6B309E00F726D3 /* profile-rabbit-toy.png in Resources */ = {isa = PBXBuildFile; fileRef = 39A225CB1D6B309E00F726D3 /* profile-rabbit-toy.png */; };
		39A225E31D6B309E00F726D3 /* Reflexology@2x.png in Resources */ = {isa = PBXBuildFile; fileRef = 39A225CC1D6B309E00F726D3 /* Reflexology@2x.png */; };
		39A225E41D6B309E00F726D3 /* Slimming.jpg in Resources */ = {isa = PBXBuildFile; fileRef = 39A225CD1D6B309E00F726D3 /* Slimming.jpg */; };
		39A225E51D6B309E00F726D3 /* twitter-icon-100x100@2x.png in Resources */ = {isa = PBXBuildFile; fileRef = 39A225CE1D6B309E00F726D3 /* twitter-icon-100x100@2x.png */; };
		39A225E61D6B309E00F726D3 /* user1.png in Resources */ = {isa = PBXBuildFile; fileRef = 39A225CF1D6B309E00F726D3 /* user1.png */; };
		39A225EC1D6B348100F726D3 /* ViewController.m in Sources */ = {isa = PBXBuildFile; fileRef = 39A225EB1D6B348100F726D3 /* ViewController.m */; };
		39A225EE1D6B352100F726D3 /* line_seperate@2x.png in Resources */ = {isa = PBXBuildFile; fileRef = 39A225ED1D6B352100F726D3 /* line_seperate@2x.png */; };
		39A225FD1D6B35E800F726D3 /* FacebookFeeds.m in Sources */ = {isa = PBXBuildFile; fileRef = 39A225F21D6B35E800F726D3 /* FacebookFeeds.m */; };
		39A225FE1D6B35E800F726D3 /* Offer.m in Sources */ = {isa = PBXBuildFile; fileRef = 39A225F41D6B35E800F726D3 /* Offer.m */; };
		39A225FF1D6B35E800F726D3 /* Service.m in Sources */ = {isa = PBXBuildFile; fileRef = 39A225F61D6B35E800F726D3 /* Service.m */; };
		39A226001D6B35E800F726D3 /* SharedManager.m in Sources */ = {isa = PBXBuildFile; fileRef = 39A225F81D6B35E800F726D3 /* SharedManager.m */; };
		39A226011D6B35E800F726D3 /* Stuff.m in Sources */ = {isa = PBXBuildFile; fileRef = 39A225FA1D6B35E800F726D3 /* Stuff.m */; };
		39A226021D6B35E800F726D3 /* User.m in Sources */ = {isa = PBXBuildFile; fileRef = 39A225FC1D6B35E800F726D3 /* User.m */; };
		39A2260B1D6B363300F726D3 /* LaunchScreen.xib in Resources */ = {isa = PBXBuildFile; fileRef = 39A226091D6B363300F726D3 /* LaunchScreen.xib */; };
		39A2260C1D6B363300F726D3 /* Main.storyboard in Resources */ = {isa = PBXBuildFile; fileRef = 39A2260A1D6B363300F726D3 /* Main.storyboard */; };
		39BA07C71D6B4A560029DED3 /* NetworkRequester.m in Sources */ = {isa = PBXBuildFile; fileRef = 39BA07C61D6B4A560029DED3 /* NetworkRequester.m */; };
		39BA07CA1D6B4B770029DED3 /* DataParsing.m in Sources */ = {isa = PBXBuildFile; fileRef = 39BA07C91D6B4B770029DED3 /* DataParsing.m */; };
		39BA07CD1D6B4D400029DED3 /* AppConstants.m in Sources */ = {isa = PBXBuildFile; fileRef = 39BA07CC1D6B4D400029DED3 /* AppConstants.m */; };
		39D1C5D11D6DDD6100A629F3 /* ContactUsViewController.m in Sources */ = {isa = PBXBuildFile; fileRef = 39D1C5D01D6DDD6100A629F3 /* ContactUsViewController.m */; };
		4D886E37A562D9165FF978C5 /* libPods-Belle De Jour.a in Frameworks */ = {isa = PBXBuildFile; fileRef = 83DA8219417D5643F5E79DBB /* libPods-Belle De Jour.a */; };
		6913EB5B1A30F4F7009D65CD /* Parse.framework in Frameworks */ = {isa = PBXBuildFile; fileRef = 6913EB5A1A30F4F7009D65CD /* Parse.framework */; };
		6913EB5D1A30F50A009D65CD /* CFNetwork.framework in Frameworks */ = {isa = PBXBuildFile; fileRef = 6913EB5C1A30F50A009D65CD /* CFNetwork.framework */; };
		6913EB5F1A30F510009D65CD /* StoreKit.framework in Frameworks */ = {isa = PBXBuildFile; fileRef = 6913EB5E1A30F510009D65CD /* StoreKit.framework */; };
		6913EB611A30F517009D65CD /* Social.framework in Frameworks */ = {isa = PBXBuildFile; fileRef = 6913EB601A30F517009D65CD /* Social.framework */; };
		6913EB631A30F521009D65CD /* SystemConfiguration.framework in Frameworks */ = {isa = PBXBuildFile; fileRef = 6913EB621A30F521009D65CD /* SystemConfiguration.framework */; };
		6913EB651A30F527009D65CD /* AudioToolbox.framework in Frameworks */ = {isa = PBXBuildFile; fileRef = 6913EB641A30F527009D65CD /* AudioToolbox.framework */; };
		6913EB671A30F52F009D65CD /* CoreLocation.framework in Frameworks */ = {isa = PBXBuildFile; fileRef = 6913EB661A30F52F009D65CD /* CoreLocation.framework */; };
		6913EB691A30F537009D65CD /* Security.framework in Frameworks */ = {isa = PBXBuildFile; fileRef = 6913EB681A30F537009D65CD /* Security.framework */; };
		6913EB6B1A30F541009D65CD /* QuartzCore.framework in Frameworks */ = {isa = PBXBuildFile; fileRef = 6913EB6A1A30F541009D65CD /* QuartzCore.framework */; };
		6913EB6D1A30F560009D65CD /* MobileCoreServices.framework in Frameworks */ = {isa = PBXBuildFile; fileRef = 6913EB6C1A30F560009D65CD /* MobileCoreServices.framework */; };
		6913EB6F1A30F569009D65CD /* libz.1.1.3.dylib in Frameworks */ = {isa = PBXBuildFile; fileRef = 6913EB6E1A30F569009D65CD /* libz.1.1.3.dylib */; };
		693A26EB1A3D8ED500BC09B3 /* MessageUI.framework in Frameworks */ = {isa = PBXBuildFile; fileRef = 693A26EA1A3D8ED400BC09B3 /* MessageUI.framework */; };
		6959687D1A61BF7E00C00C2C /* AssetsLibrary.framework in Frameworks */ = {isa = PBXBuildFile; fileRef = 6959687C1A61BF7E00C00C2C /* AssetsLibrary.framework */; };
		6981C2761A3307DC00699924 /* belledejouricon-1.png in Resources */ = {isa = PBXBuildFile; fileRef = 6981C2751A3307DC00699924 /* belledejouricon-1.png */; };
		698413FC1A1BD36D0084F0B2 /* libTestFlight.a in Frameworks */ = {isa = PBXBuildFile; fileRef = 698413F61A1BD36D0084F0B2 /* libTestFlight.a */; };
		698413FD1A1BD36D0084F0B2 /* README.md in Sources */ = {isa = PBXBuildFile; fileRef = 698413F71A1BD36D0084F0B2 /* README.md */; };
		698413FE1A1BD36D0084F0B2 /* release_notes.md in Sources */ = {isa = PBXBuildFile; fileRef = 698413F81A1BD36D0084F0B2 /* release_notes.md */; };
		698414001A1BD5020084F0B2 /* libz.dylib in Frameworks */ = {isa = PBXBuildFile; fileRef = 698413FF1A1BD5020084F0B2 /* libz.dylib */; };
		699110C21A353B03002DC75A /* FacebookSDK.framework in Frameworks */ = {isa = PBXBuildFile; fileRef = 699110C11A353B03002DC75A /* FacebookSDK.framework */; };
		699110C41A353C73002DC75A /* ParseFacebookUtils.framework in Frameworks */ = {isa = PBXBuildFile; fileRef = 699110C31A353C73002DC75A /* ParseFacebookUtils.framework */; };
		69993B141A1A5CC900A78ED6 /* main.m in Sources */ = {isa = PBXBuildFile; fileRef = 69993B131A1A5CC900A78ED6 /* main.m */; };
		69993B171A1A5CC900A78ED6 /* AppDelegate.m in Sources */ = {isa = PBXBuildFile; fileRef = 69993B161A1A5CC900A78ED6 /* AppDelegate.m */; };
		69993B1F1A1A5CC900A78ED6 /* Images.xcassets in Resources */ = {isa = PBXBuildFile; fileRef = 69993B1E1A1A5CC900A78ED6 /* Images.xcassets */; };
		69993B2E1A1A5CC900A78ED6 /* Belle_De_JourTests.m in Sources */ = {isa = PBXBuildFile; fileRef = 69993B2D1A1A5CC900A78ED6 /* Belle_De_JourTests.m */; };
		69993B451A1A63D500A78ED6 /* CoreGraphics.framework in Frameworks */ = {isa = PBXBuildFile; fileRef = 69993B441A1A63D500A78ED6 /* CoreGraphics.framework */; };
		69993B491A1A64D900A78ED6 /* Foundation.framework in Frameworks */ = {isa = PBXBuildFile; fileRef = 69993B481A1A64D900A78ED6 /* Foundation.framework */; };
		69993B4B1A1A64E400A78ED6 /* UIKit.framework in Frameworks */ = {isa = PBXBuildFile; fileRef = 69993B4A1A1A64E400A78ED6 /* UIKit.framework */; };
		699D3F6D1A35219D00658646 /* Reachability.m in Sources */ = {isa = PBXBuildFile; fileRef = 699D3F691A35219C00658646 /* Reachability.m */; };
		699D3F6E1A35219D00658646 /* SMBInternetConnectionIndicator.m in Sources */ = {isa = PBXBuildFile; fileRef = 699D3F6B1A35219C00658646 /* SMBInternetConnectionIndicator.m */; };
		69DAE4B61A405B140077213A /* DataParser.m in Sources */ = {isa = PBXBuildFile; fileRef = 69DAE4B51A405B140077213A /* DataParser.m */; };
		69DAE4EE1A4065C70077213A /* ImageIO.framework in Frameworks */ = {isa = PBXBuildFile; fileRef = 69DAE4ED1A4065C70077213A /* ImageIO.framework */; };
		77CFA23AA923A506A056760D /* libPods-Belle De JourTests.a in Frameworks */ = {isa = PBXBuildFile; fileRef = 992738DCA6E289AD122B947B /* libPods-Belle De JourTests.a */; };
/* End PBXBuildFile section */

/* Begin PBXContainerItemProxy section */
		69993B281A1A5CC900A78ED6 /* PBXContainerItemProxy */ = {
			isa = PBXContainerItemProxy;
			containerPortal = 69993B061A1A5CC900A78ED6 /* Project object */;
			proxyType = 1;
			remoteGlobalIDString = 69993B0D1A1A5CC900A78ED6;
			remoteInfo = "Belle De Jour";
		};
/* End PBXContainerItemProxy section */

/* Begin PBXFileReference section */
		23840F8948A34DB8788F6C37 /* Pods-Belle De Jour.debug.xcconfig */ = {isa = PBXFileReference; includeInIndex = 1; lastKnownFileType = text.xcconfig; name = "Pods-Belle De Jour.debug.xcconfig"; path = "Pods/Target Support Files/Pods-Belle De Jour/Pods-Belle De Jour.debug.xcconfig"; sourceTree = "<group>"; };
		39A225181D6B262900F726D3 /* GoogleService-Info.plist */ = {isa = PBXFileReference; fileEncoding = 4; lastKnownFileType = text.plist.xml; path = "GoogleService-Info.plist"; sourceTree = "<group>"; };
		39A2251B1D6B2E5900F726D3 /* BookingViewController.h */ = {isa = PBXFileReference; fileEncoding = 4; lastKnownFileType = sourcecode.c.h; path = BookingViewController.h; sourceTree = "<group>"; };
		39A2251C1D6B2E5900F726D3 /* BookingViewController.m */ = {isa = PBXFileReference; fileEncoding = 4; lastKnownFileType = sourcecode.c.objc; path = BookingViewController.m; sourceTree = "<group>"; };
		39A2251D1D6B2E5900F726D3 /* FaceBookFeedsTableViewController.h */ = {isa = PBXFileReference; fileEncoding = 4; lastKnownFileType = sourcecode.c.h; path = FaceBookFeedsTableViewController.h; sourceTree = "<group>"; };
		39A2251E1D6B2E5900F726D3 /* FaceBookFeedsTableViewController.m */ = {isa = PBXFileReference; fileEncoding = 4; lastKnownFileType = sourcecode.c.objc; path = FaceBookFeedsTableViewController.m; sourceTree = "<group>"; };
		39A2251F1D6B2E5900F726D3 /* FeedsCustomCell.h */ = {isa = PBXFileReference; fileEncoding = 4; lastKnownFileType = sourcecode.c.h; path = FeedsCustomCell.h; sourceTree = "<group>"; };
		39A225201D6B2E5900F726D3 /* FeedsCustomCell.m */ = {isa = PBXFileReference; fileEncoding = 4; lastKnownFileType = sourcecode.c.objc; path = FeedsCustomCell.m; sourceTree = "<group>"; };
		39A225211D6B2E5900F726D3 /* ForgetPasswordViewController.h */ = {isa = PBXFileReference; fileEncoding = 4; lastKnownFileType = sourcecode.c.h; path = ForgetPasswordViewController.h; sourceTree = "<group>"; };
		39A225221D6B2E5900F726D3 /* ForgetPasswordViewController.m */ = {isa = PBXFileReference; fileEncoding = 4; lastKnownFileType = sourcecode.c.objc; path = ForgetPasswordViewController.m; sourceTree = "<group>"; };
		39A225231D6B2E5900F726D3 /* HomeViewController.h */ = {isa = PBXFileReference; fileEncoding = 4; lastKnownFileType = sourcecode.c.h; path = HomeViewController.h; sourceTree = "<group>"; };
		39A225241D6B2E5900F726D3 /* HomeViewController.m */ = {isa = PBXFileReference; fileEncoding = 4; lastKnownFileType = sourcecode.c.objc; path = HomeViewController.m; sourceTree = "<group>"; };
		39A225251D6B2E5900F726D3 /* LeftViewController.h */ = {isa = PBXFileReference; fileEncoding = 4; lastKnownFileType = sourcecode.c.h; path = LeftViewController.h; sourceTree = "<group>"; };
		39A225261D6B2E5900F726D3 /* LeftViewController.m */ = {isa = PBXFileReference; fileEncoding = 4; lastKnownFileType = sourcecode.c.objc; path = LeftViewController.m; sourceTree = "<group>"; };
		39A225271D6B2E5900F726D3 /* LoginViewController.h */ = {isa = PBXFileReference; fileEncoding = 4; lastKnownFileType = sourcecode.c.h; path = LoginViewController.h; sourceTree = "<group>"; };
		39A225281D6B2E5900F726D3 /* LoginViewController.m */ = {isa = PBXFileReference; fileEncoding = 4; lastKnownFileType = sourcecode.c.objc; path = LoginViewController.m; sourceTree = "<group>"; };
		39A225291D6B2E5900F726D3 /* OffersCustomCell.h */ = {isa = PBXFileReference; fileEncoding = 4; lastKnownFileType = sourcecode.c.h; path = OffersCustomCell.h; sourceTree = "<group>"; };
		39A2252A1D6B2E5900F726D3 /* OffersCustomCell.m */ = {isa = PBXFileReference; fileEncoding = 4; lastKnownFileType = sourcecode.c.objc; path = OffersCustomCell.m; sourceTree = "<group>"; };
		39A2252B1D6B2E5900F726D3 /* OffersTableViewController.h */ = {isa = PBXFileReference; fileEncoding = 4; lastKnownFileType = sourcecode.c.h; path = OffersTableViewController.h; sourceTree = "<group>"; };
		39A2252C1D6B2E5900F726D3 /* OffersTableViewController.m */ = {isa = PBXFileReference; fileEncoding = 4; lastKnownFileType = sourcecode.c.objc; path = OffersTableViewController.m; sourceTree = "<group>"; };
		39A2252D1D6B2E5900F726D3 /* PageContentViewController.h */ = {isa = PBXFileReference; fileEncoding = 4; lastKnownFileType = sourcecode.c.h; path = PageContentViewController.h; sourceTree = "<group>"; };
		39A2252E1D6B2E5900F726D3 /* PageContentViewController.m */ = {isa = PBXFileReference; fileEncoding = 4; lastKnownFileType = sourcecode.c.objc; path = PageContentViewController.m; sourceTree = "<group>"; };
		39A2252F1D6B2E5900F726D3 /* ServiceCollectionCell.h */ = {isa = PBXFileReference; fileEncoding = 4; lastKnownFileType = sourcecode.c.h; path = ServiceCollectionCell.h; sourceTree = "<group>"; };
		39A225301D6B2E5900F726D3 /* ServiceCollectionCell.m */ = {isa = PBXFileReference; fileEncoding = 4; lastKnownFileType = sourcecode.c.objc; path = ServiceCollectionCell.m; sourceTree = "<group>"; };
		39A225311D6B2E5900F726D3 /* ServiceCollectionViewCell.h */ = {isa = PBXFileReference; fileEncoding = 4; lastKnownFileType = sourcecode.c.h; path = ServiceCollectionViewCell.h; sourceTree = "<group>"; };
		39A225321D6B2E5900F726D3 /* ServiceCollectionViewCell.m */ = {isa = PBXFileReference; fileEncoding = 4; lastKnownFileType = sourcecode.c.objc; path = ServiceCollectionViewCell.m; sourceTree = "<group>"; };
		39A225331D6B2E5900F726D3 /* ServiceDetails.h */ = {isa = PBXFileReference; fileEncoding = 4; lastKnownFileType = sourcecode.c.h; path = ServiceDetails.h; sourceTree = "<group>"; };
		39A225341D6B2E5900F726D3 /* ServiceDetails.m */ = {isa = PBXFileReference; fileEncoding = 4; lastKnownFileType = sourcecode.c.objc; path = ServiceDetails.m; sourceTree = "<group>"; };
		39A225351D6B2E5900F726D3 /* ServiceListCustomCell.h */ = {isa = PBXFileReference; fileEncoding = 4; lastKnownFileType = sourcecode.c.h; path = ServiceListCustomCell.h; sourceTree = "<group>"; };
		39A225361D6B2E5900F726D3 /* ServiceListCustomCell.m */ = {isa = PBXFileReference; fileEncoding = 4; lastKnownFileType = sourcecode.c.objc; path = ServiceListCustomCell.m; sourceTree = "<group>"; };
		39A225371D6B2E5900F726D3 /* ServicesListViewController.h */ = {isa = PBXFileReference; fileEncoding = 4; lastKnownFileType = sourcecode.c.h; path = ServicesListViewController.h; sourceTree = "<group>"; };
		39A225381D6B2E5900F726D3 /* ServicesListViewController.m */ = {isa = PBXFileReference; fileEncoding = 4; lastKnownFileType = sourcecode.c.objc; path = ServicesListViewController.m; sourceTree = "<group>"; };
		39A225391D6B2E5900F726D3 /* ServicesTableViewController.h */ = {isa = PBXFileReference; fileEncoding = 4; lastKnownFileType = sourcecode.c.h; path = ServicesTableViewController.h; sourceTree = "<group>"; };
		39A2253A1D6B2E5900F726D3 /* ServicesTableViewController.m */ = {isa = PBXFileReference; fileEncoding = 4; lastKnownFileType = sourcecode.c.objc; path = ServicesTableViewController.m; sourceTree = "<group>"; };
		39A2253B1D6B2E5900F726D3 /* ServiceTableViewCell.h */ = {isa = PBXFileReference; fileEncoding = 4; lastKnownFileType = sourcecode.c.h; path = ServiceTableViewCell.h; sourceTree = "<group>"; };
		39A2253C1D6B2E5900F726D3 /* ServiceTableViewCell.m */ = {isa = PBXFileReference; fileEncoding = 4; lastKnownFileType = sourcecode.c.objc; path = ServiceTableViewCell.m; sourceTree = "<group>"; };
		39A2253D1D6B2E5900F726D3 /* SettingsViewController.h */ = {isa = PBXFileReference; fileEncoding = 4; lastKnownFileType = sourcecode.c.h; path = SettingsViewController.h; sourceTree = "<group>"; };
		39A2253E1D6B2E5900F726D3 /* SettingsViewController.m */ = {isa = PBXFileReference; fileEncoding = 4; lastKnownFileType = sourcecode.c.objc; path = SettingsViewController.m; sourceTree = "<group>"; };
		39A2253F1D6B2E5900F726D3 /* SignUpViewController.h */ = {isa = PBXFileReference; fileEncoding = 4; lastKnownFileType = sourcecode.c.h; path = SignUpViewController.h; sourceTree = "<group>"; };
		39A225401D6B2E5900F726D3 /* SignUpViewController.m */ = {isa = PBXFileReference; fileEncoding = 4; lastKnownFileType = sourcecode.c.objc; path = SignUpViewController.m; sourceTree = "<group>"; };
		39A225411D6B2E5900F726D3 /* StuffCustomCell.h */ = {isa = PBXFileReference; fileEncoding = 4; lastKnownFileType = sourcecode.c.h; path = StuffCustomCell.h; sourceTree = "<group>"; };
		39A225421D6B2E5900F726D3 /* StuffCustomCell.m */ = {isa = PBXFileReference; fileEncoding = 4; lastKnownFileType = sourcecode.c.objc; path = StuffCustomCell.m; sourceTree = "<group>"; };
		39A225431D6B2E5900F726D3 /* StuffTableViewController.h */ = {isa = PBXFileReference; fileEncoding = 4; lastKnownFileType = sourcecode.c.h; path = StuffTableViewController.h; sourceTree = "<group>"; };
		39A225441D6B2E5900F726D3 /* StuffTableViewController.m */ = {isa = PBXFileReference; fileEncoding = 4; lastKnownFileType = sourcecode.c.objc; path = StuffTableViewController.m; sourceTree = "<group>"; };
		39A225601D6B2F6000F726D3 /* Chameleon.h */ = {isa = PBXFileReference; fileEncoding = 4; lastKnownFileType = sourcecode.c.h; path = Chameleon.h; sourceTree = "<group>"; };
		39A225611D6B2F6000F726D3 /* ChameleonMacros.h */ = {isa = PBXFileReference; fileEncoding = 4; lastKnownFileType = sourcecode.c.h; path = ChameleonMacros.h; sourceTree = "<group>"; };
		39A225621D6B2F6000F726D3 /* ChameleonStatusBar.h */ = {isa = PBXFileReference; fileEncoding = 4; lastKnownFileType = sourcecode.c.h; path = ChameleonStatusBar.h; sourceTree = "<group>"; };
		39A225631D6B2F6000F726D3 /* ChameleonStatusBar.m */ = {isa = PBXFileReference; fileEncoding = 4; lastKnownFileType = sourcecode.c.objc; path = ChameleonStatusBar.m; sourceTree = "<group>"; };
		39A225641D6B2F6000F726D3 /* NSArray+Chameleon.h */ = {isa = PBXFileReference; fileEncoding = 4; lastKnownFileType = sourcecode.c.h; path = "NSArray+Chameleon.h"; sourceTree = "<group>"; };
		39A225651D6B2F6000F726D3 /* NSArray+Chameleon.m */ = {isa = PBXFileReference; fileEncoding = 4; lastKnownFileType = sourcecode.c.objc; path = "NSArray+Chameleon.m"; sourceTree = "<group>"; };
		39A225661D6B2F6000F726D3 /* UIColor+Chameleon.h */ = {isa = PBXFileReference; fileEncoding = 4; lastKnownFileType = sourcecode.c.h; path = "UIColor+Chameleon.h"; sourceTree = "<group>"; };
		39A225671D6B2F6000F726D3 /* UIColor+Chameleon.m */ = {isa = PBXFileReference; fileEncoding = 4; lastKnownFileType = sourcecode.c.objc; path = "UIColor+Chameleon.m"; sourceTree = "<group>"; };
		39A225681D6B2F6000F726D3 /* UIColor+CIELAB.h */ = {isa = PBXFileReference; fileEncoding = 4; lastKnownFileType = sourcecode.c.h; path = "UIColor+CIELAB.h"; sourceTree = "<group>"; };
		39A225691D6B2F6000F726D3 /* UIColor+CIELAB.m */ = {isa = PBXFileReference; fileEncoding = 4; lastKnownFileType = sourcecode.c.objc; path = "UIColor+CIELAB.m"; sourceTree = "<group>"; };
		39A2256A1D6B2F6000F726D3 /* UIViewController+Chameleon.h */ = {isa = PBXFileReference; fileEncoding = 4; lastKnownFileType = sourcecode.c.h; path = "UIViewController+Chameleon.h"; sourceTree = "<group>"; };
		39A2256B1D6B2F6000F726D3 /* UIViewController+Chameleon.m */ = {isa = PBXFileReference; fileEncoding = 4; lastKnownFileType = sourcecode.c.objc; path = "UIViewController+Chameleon.m"; sourceTree = "<group>"; };
		39A2256D1D6B2F6000F726D3 /* RECommonFunctions.h */ = {isa = PBXFileReference; fileEncoding = 4; lastKnownFileType = sourcecode.c.h; path = RECommonFunctions.h; sourceTree = "<group>"; };
		39A2256E1D6B2F6000F726D3 /* RECommonFunctions.m */ = {isa = PBXFileReference; fileEncoding = 4; lastKnownFileType = sourcecode.c.objc; path = RECommonFunctions.m; sourceTree = "<group>"; };
		39A2256F1D6B2F6000F726D3 /* RESideMenu.h */ = {isa = PBXFileReference; fileEncoding = 4; lastKnownFileType = sourcecode.c.h; path = RESideMenu.h; sourceTree = "<group>"; };
		39A225701D6B2F6000F726D3 /* RESideMenu.m */ = {isa = PBXFileReference; fileEncoding = 4; lastKnownFileType = sourcecode.c.objc; path = RESideMenu.m; sourceTree = "<group>"; };
		39A225711D6B2F6000F726D3 /* UIViewController+RESideMenu.h */ = {isa = PBXFileReference; fileEncoding = 4; lastKnownFileType = sourcecode.c.h; path = "UIViewController+RESideMenu.h"; sourceTree = "<group>"; };
		39A225721D6B2F6000F726D3 /* UIViewController+RESideMenu.m */ = {isa = PBXFileReference; fileEncoding = 4; lastKnownFileType = sourcecode.c.objc; path = "UIViewController+RESideMenu.m"; sourceTree = "<group>"; };
		39A225B91D6B309E00F726D3 /* 32355@2x.png */ = {isa = PBXFileReference; lastKnownFileType = image.png; path = "32355@2x.png"; sourceTree = "<group>"; };
		39A225BA1D6B309E00F726D3 /* asterik@2x.gif */ = {isa = PBXFileReference; lastKnownFileType = image.gif; path = "asterik@2x.gif"; sourceTree = "<group>"; };
		39A225BB1D6B309E00F726D3 /* call-button-48x48.png */ = {isa = PBXFileReference; lastKnownFileType = image.png; path = "call-button-48x48.png"; sourceTree = "<group>"; };
		39A225BC1D6B309E00F726D3 /* camera.jpg */ = {isa = PBXFileReference; lastKnownFileType = image.jpeg; path = camera.jpg; sourceTree = "<group>"; };
		39A225BD1D6B309E00F726D3 /* cell_phone_3-512@2x.png */ = {isa = PBXFileReference; lastKnownFileType = image.png; path = "cell_phone_3-512@2x.png"; sourceTree = "<group>"; };
		39A225BE1D6B309E00F726D3 /* Circle@2x.png */ = {isa = PBXFileReference; lastKnownFileType = image.png; path = "Circle@2x.png"; sourceTree = "<group>"; };
		39A225BF1D6B309E00F726D3 /* close_button.png */ = {isa = PBXFileReference; lastKnownFileType = image.png; path = close_button.png; sourceTree = "<group>"; };
		39A225C01D6B309E00F726D3 /* closing_symbol.png */ = {isa = PBXFileReference; lastKnownFileType = image.png; path = closing_symbol.png; sourceTree = "<group>"; };
		39A225C11D6B309E00F726D3 /* Dental.jpg */ = {isa = PBXFileReference; lastKnownFileType = image.jpeg; path = Dental.jpg; sourceTree = "<group>"; };
		39A225C21D6B309E00F726D3 /* dermatology@2x.png */ = {isa = PBXFileReference; lastKnownFileType = image.png; path = "dermatology@2x.png"; sourceTree = "<group>"; };
		39A225C31D6B309E00F726D3 /* events-calendar-icon@2x.png */ = {isa = PBXFileReference; lastKnownFileType = image.png; path = "events-calendar-icon@2x.png"; sourceTree = "<group>"; };
		39A225C41D6B309E00F726D3 /* Facebook_icon-resized-image-100x100@2x.png */ = {isa = PBXFileReference; lastKnownFileType = image.png; path = "Facebook_icon-resized-image-100x100@2x.png"; sourceTree = "<group>"; };
		39A225C51D6B309E00F726D3 /* googleplus@2x.png */ = {isa = PBXFileReference; lastKnownFileType = image.png; path = "googleplus@2x.png"; sourceTree = "<group>"; };
		39A225C61D6B309E00F726D3 /* instagram-100x100@2x.png */ = {isa = PBXFileReference; lastKnownFileType = image.png; path = "instagram-100x100@2x.png"; sourceTree = "<group>"; };
		39A225C71D6B309E00F726D3 /* lasericon@2x.png */ = {isa = PBXFileReference; lastKnownFileType = image.png; path = "lasericon@2x.png"; sourceTree = "<group>"; };
		39A225C81D6B309E00F726D3 /* my_topic@2x.png */ = {isa = PBXFileReference; lastKnownFileType = image.png; path = "my_topic@2x.png"; sourceTree = "<group>"; };
		39A225C91D6B309E00F726D3 /* navgationBar@2x.png */ = {isa = PBXFileReference; lastKnownFileType = image.png; path = "navgationBar@2x.png"; sourceTree = "<group>"; };
		39A225CA1D6B309E00F726D3 /* profile-bg.png */ = {isa = PBXFileReference; lastKnownFileType = image.png; path = "profile-bg.png"; sourceTree = "<group>"; };
		39A225CB1D6B309E00F726D3 /* profile-rabbit-toy.png */ = {isa = PBXFileReference; lastKnownFileType = image.png; path = "profile-rabbit-toy.png"; sourceTree = "<group>"; };
		39A225CC1D6B309E00F726D3 /* Reflexology@2x.png */ = {isa = PBXFileReference; lastKnownFileType = image.png; path = "Reflexology@2x.png"; sourceTree = "<group>"; };
		39A225CD1D6B309E00F726D3 /* Slimming.jpg */ = {isa = PBXFileReference; lastKnownFileType = image.jpeg; path = Slimming.jpg; sourceTree = "<group>"; };
		39A225CE1D6B309E00F726D3 /* twitter-icon-100x100@2x.png */ = {isa = PBXFileReference; lastKnownFileType = image.png; path = "twitter-icon-100x100@2x.png"; sourceTree = "<group>"; };
		39A225CF1D6B309E00F726D3 /* user1.png */ = {isa = PBXFileReference; lastKnownFileType = image.png; path = user1.png; sourceTree = "<group>"; };
		39A225EA1D6B348100F726D3 /* ViewController.h */ = {isa = PBXFileReference; fileEncoding = 4; lastKnownFileType = sourcecode.c.h; path = ViewController.h; sourceTree = "<group>"; };
		39A225EB1D6B348100F726D3 /* ViewController.m */ = {isa = PBXFileReference; fileEncoding = 4; lastKnownFileType = sourcecode.c.objc; path = ViewController.m; sourceTree = "<group>"; };
		39A225ED1D6B352100F726D3 /* line_seperate@2x.png */ = {isa = PBXFileReference; lastKnownFileType = image.png; path = "line_seperate@2x.png"; sourceTree = "<group>"; };
		39A225F01D6B35E800F726D3 /* Constants.h */ = {isa = PBXFileReference; fileEncoding = 4; lastKnownFileType = sourcecode.c.h; path = Constants.h; sourceTree = "<group>"; };
		39A225F11D6B35E800F726D3 /* FacebookFeeds.h */ = {isa = PBXFileReference; fileEncoding = 4; lastKnownFileType = sourcecode.c.h; path = FacebookFeeds.h; sourceTree = "<group>"; };
		39A225F21D6B35E800F726D3 /* FacebookFeeds.m */ = {isa = PBXFileReference; fileEncoding = 4; lastKnownFileType = sourcecode.c.objc; path = FacebookFeeds.m; sourceTree = "<group>"; };
		39A225F31D6B35E800F726D3 /* Offer.h */ = {isa = PBXFileReference; fileEncoding = 4; lastKnownFileType = sourcecode.c.h; path = Offer.h; sourceTree = "<group>"; };
		39A225F41D6B35E800F726D3 /* Offer.m */ = {isa = PBXFileReference; fileEncoding = 4; lastKnownFileType = sourcecode.c.objc; path = Offer.m; sourceTree = "<group>"; };
		39A225F51D6B35E800F726D3 /* Service.h */ = {isa = PBXFileReference; fileEncoding = 4; lastKnownFileType = sourcecode.c.h; path = Service.h; sourceTree = "<group>"; };
		39A225F61D6B35E800F726D3 /* Service.m */ = {isa = PBXFileReference; fileEncoding = 4; lastKnownFileType = sourcecode.c.objc; path = Service.m; sourceTree = "<group>"; };
		39A225F71D6B35E800F726D3 /* SharedManager.h */ = {isa = PBXFileReference; fileEncoding = 4; lastKnownFileType = sourcecode.c.h; path = SharedManager.h; sourceTree = "<group>"; };
		39A225F81D6B35E800F726D3 /* SharedManager.m */ = {isa = PBXFileReference; fileEncoding = 4; lastKnownFileType = sourcecode.c.objc; path = SharedManager.m; sourceTree = "<group>"; };
		39A225F91D6B35E800F726D3 /* Stuff.h */ = {isa = PBXFileReference; fileEncoding = 4; lastKnownFileType = sourcecode.c.h; path = Stuff.h; sourceTree = "<group>"; };
		39A225FA1D6B35E800F726D3 /* Stuff.m */ = {isa = PBXFileReference; fileEncoding = 4; lastKnownFileType = sourcecode.c.objc; path = Stuff.m; sourceTree = "<group>"; };
		39A225FB1D6B35E800F726D3 /* User.h */ = {isa = PBXFileReference; fileEncoding = 4; lastKnownFileType = sourcecode.c.h; path = User.h; sourceTree = "<group>"; };
		39A225FC1D6B35E800F726D3 /* User.m */ = {isa = PBXFileReference; fileEncoding = 4; lastKnownFileType = sourcecode.c.objc; path = User.m; sourceTree = "<group>"; };
		39A226091D6B363300F726D3 /* LaunchScreen.xib */ = {isa = PBXFileReference; fileEncoding = 4; lastKnownFileType = file.xib; path = LaunchScreen.xib; sourceTree = "<group>"; };
		39A2260A1D6B363300F726D3 /* Main.storyboard */ = {isa = PBXFileReference; fileEncoding = 4; lastKnownFileType = file.storyboard; path = Main.storyboard; sourceTree = "<group>"; };
		39BA07C51D6B4A560029DED3 /* NetworkRequester.h */ = {isa = PBXFileReference; fileEncoding = 4; lastKnownFileType = sourcecode.c.h; path = NetworkRequester.h; sourceTree = "<group>"; };
		39BA07C61D6B4A560029DED3 /* NetworkRequester.m */ = {isa = PBXFileReference; fileEncoding = 4; lastKnownFileType = sourcecode.c.objc; path = NetworkRequester.m; sourceTree = "<group>"; };
		39BA07C81D6B4B770029DED3 /* DataParsing.h */ = {isa = PBXFileReference; fileEncoding = 4; lastKnownFileType = sourcecode.c.h; path = DataParsing.h; sourceTree = "<group>"; };
		39BA07C91D6B4B770029DED3 /* DataParsing.m */ = {isa = PBXFileReference; fileEncoding = 4; lastKnownFileType = sourcecode.c.objc; path = DataParsing.m; sourceTree = "<group>"; };
		39BA07CB1D6B4D400029DED3 /* AppConstants.h */ = {isa = PBXFileReference; fileEncoding = 4; lastKnownFileType = sourcecode.c.h; path = AppConstants.h; sourceTree = "<group>"; };
		39BA07CC1D6B4D400029DED3 /* AppConstants.m */ = {isa = PBXFileReference; fileEncoding = 4; lastKnownFileType = sourcecode.c.objc; path = AppConstants.m; sourceTree = "<group>"; };
		39D1C5CF1D6DDD6000A629F3 /* ContactUsViewController.h */ = {isa = PBXFileReference; fileEncoding = 4; lastKnownFileType = sourcecode.c.h; path = ContactUsViewController.h; sourceTree = "<group>"; };
		39D1C5D01D6DDD6100A629F3 /* ContactUsViewController.m */ = {isa = PBXFileReference; fileEncoding = 4; lastKnownFileType = sourcecode.c.objc; path = ContactUsViewController.m; sourceTree = "<group>"; };
		5F1C53AAA1A1F7B1905723E1 /* Pods-Belle De JourTests.debug.xcconfig */ = {isa = PBXFileReference; includeInIndex = 1; lastKnownFileType = text.xcconfig; name = "Pods-Belle De JourTests.debug.xcconfig"; path = "Pods/Target Support Files/Pods-Belle De JourTests/Pods-Belle De JourTests.debug.xcconfig"; sourceTree = "<group>"; };
		6913EB5A1A30F4F7009D65CD /* Parse.framework */ = {isa = PBXFileReference; lastKnownFileType = wrapper.framework; path = Parse.framework; sourceTree = "<group>"; };
		6913EB5C1A30F50A009D65CD /* CFNetwork.framework */ = {isa = PBXFileReference; lastKnownFileType = wrapper.framework; name = CFNetwork.framework; path = System/Library/Frameworks/CFNetwork.framework; sourceTree = SDKROOT; };
		6913EB5E1A30F510009D65CD /* StoreKit.framework */ = {isa = PBXFileReference; lastKnownFileType = wrapper.framework; name = StoreKit.framework; path = System/Library/Frameworks/StoreKit.framework; sourceTree = SDKROOT; };
		6913EB601A30F517009D65CD /* Social.framework */ = {isa = PBXFileReference; lastKnownFileType = wrapper.framework; name = Social.framework; path = System/Library/Frameworks/Social.framework; sourceTree = SDKROOT; };
		6913EB621A30F521009D65CD /* SystemConfiguration.framework */ = {isa = PBXFileReference; lastKnownFileType = wrapper.framework; name = SystemConfiguration.framework; path = System/Library/Frameworks/SystemConfiguration.framework; sourceTree = SDKROOT; };
		6913EB641A30F527009D65CD /* AudioToolbox.framework */ = {isa = PBXFileReference; lastKnownFileType = wrapper.framework; name = AudioToolbox.framework; path = System/Library/Frameworks/AudioToolbox.framework; sourceTree = SDKROOT; };
		6913EB661A30F52F009D65CD /* CoreLocation.framework */ = {isa = PBXFileReference; lastKnownFileType = wrapper.framework; name = CoreLocation.framework; path = System/Library/Frameworks/CoreLocation.framework; sourceTree = SDKROOT; };
		6913EB681A30F537009D65CD /* Security.framework */ = {isa = PBXFileReference; lastKnownFileType = wrapper.framework; name = Security.framework; path = System/Library/Frameworks/Security.framework; sourceTree = SDKROOT; };
		6913EB6A1A30F541009D65CD /* QuartzCore.framework */ = {isa = PBXFileReference; lastKnownFileType = wrapper.framework; name = QuartzCore.framework; path = System/Library/Frameworks/QuartzCore.framework; sourceTree = SDKROOT; };
		6913EB6C1A30F560009D65CD /* MobileCoreServices.framework */ = {isa = PBXFileReference; lastKnownFileType = wrapper.framework; name = MobileCoreServices.framework; path = System/Library/Frameworks/MobileCoreServices.framework; sourceTree = SDKROOT; };
		6913EB6E1A30F569009D65CD /* libz.1.1.3.dylib */ = {isa = PBXFileReference; lastKnownFileType = "compiled.mach-o.dylib"; name = libz.1.1.3.dylib; path = usr/lib/libz.1.1.3.dylib; sourceTree = SDKROOT; };
		6913EB781A30F63C009D65CD /* Bolts.framework */ = {isa = PBXFileReference; lastKnownFileType = wrapper.framework; path = Bolts.framework; sourceTree = "<group>"; };
		693A26EA1A3D8ED400BC09B3 /* MessageUI.framework */ = {isa = PBXFileReference; lastKnownFileType = wrapper.framework; name = MessageUI.framework; path = System/Library/Frameworks/MessageUI.framework; sourceTree = SDKROOT; };
		6959687C1A61BF7E00C00C2C /* AssetsLibrary.framework */ = {isa = PBXFileReference; lastKnownFileType = wrapper.framework; name = AssetsLibrary.framework; path = System/Library/Frameworks/AssetsLibrary.framework; sourceTree = SDKROOT; };
		6981C2751A3307DC00699924 /* belledejouricon-1.png */ = {isa = PBXFileReference; lastKnownFileType = image.png; name = "belledejouricon-1.png"; path = "Images.xcassets/AppIcon-2.appiconset/belledejouricon-1.png"; sourceTree = "<group>"; };
		698413F61A1BD36D0084F0B2 /* libTestFlight.a */ = {isa = PBXFileReference; lastKnownFileType = archive.ar; path = libTestFlight.a; sourceTree = "<group>"; };
		698413F71A1BD36D0084F0B2 /* README.md */ = {isa = PBXFileReference; fileEncoding = 4; lastKnownFileType = net.daringfireball.markdown; path = README.md; sourceTree = "<group>"; };
		698413F81A1BD36D0084F0B2 /* release_notes.md */ = {isa = PBXFileReference; fileEncoding = 4; lastKnownFileType = net.daringfireball.markdown; path = release_notes.md; sourceTree = "<group>"; };
		698413F91A1BD36D0084F0B2 /* TestFlight+AsyncLogging.h */ = {isa = PBXFileReference; fileEncoding = 4; lastKnownFileType = sourcecode.c.h; path = "TestFlight+AsyncLogging.h"; sourceTree = "<group>"; };
		698413FA1A1BD36D0084F0B2 /* TestFlight+ManualSessions.h */ = {isa = PBXFileReference; fileEncoding = 4; lastKnownFileType = sourcecode.c.h; path = "TestFlight+ManualSessions.h"; sourceTree = "<group>"; };
		698413FB1A1BD36D0084F0B2 /* TestFlight.h */ = {isa = PBXFileReference; fileEncoding = 4; lastKnownFileType = sourcecode.c.h; path = TestFlight.h; sourceTree = "<group>"; };
		698413FF1A1BD5020084F0B2 /* libz.dylib */ = {isa = PBXFileReference; lastKnownFileType = "compiled.mach-o.dylib"; name = libz.dylib; path = usr/lib/libz.dylib; sourceTree = SDKROOT; };
		699110C11A353B03002DC75A /* FacebookSDK.framework */ = {isa = PBXFileReference; lastKnownFileType = wrapper.framework; path = FacebookSDK.framework; sourceTree = "<group>"; };
		699110C31A353C73002DC75A /* ParseFacebookUtils.framework */ = {isa = PBXFileReference; lastKnownFileType = wrapper.framework; path = ParseFacebookUtils.framework; sourceTree = "<group>"; };
		69993B0E1A1A5CC900A78ED6 /* Belle De Jour.app */ = {isa = PBXFileReference; explicitFileType = wrapper.application; includeInIndex = 0; path = "Belle De Jour.app"; sourceTree = BUILT_PRODUCTS_DIR; };
		69993B121A1A5CC900A78ED6 /* Info.plist */ = {isa = PBXFileReference; lastKnownFileType = text.plist.xml; path = Info.plist; sourceTree = "<group>"; };
		69993B131A1A5CC900A78ED6 /* main.m */ = {isa = PBXFileReference; lastKnownFileType = sourcecode.c.objc; path = main.m; sourceTree = "<group>"; };
		69993B151A1A5CC900A78ED6 /* AppDelegate.h */ = {isa = PBXFileReference; lastKnownFileType = sourcecode.c.h; path = AppDelegate.h; sourceTree = "<group>"; };
		69993B161A1A5CC900A78ED6 /* AppDelegate.m */ = {isa = PBXFileReference; lastKnownFileType = sourcecode.c.objc; path = AppDelegate.m; sourceTree = "<group>"; };
		69993B1E1A1A5CC900A78ED6 /* Images.xcassets */ = {isa = PBXFileReference; lastKnownFileType = folder.assetcatalog; path = Images.xcassets; sourceTree = "<group>"; };
		69993B271A1A5CC900A78ED6 /* Belle De JourTests.xctest */ = {isa = PBXFileReference; explicitFileType = wrapper.cfbundle; includeInIndex = 0; path = "Belle De JourTests.xctest"; sourceTree = BUILT_PRODUCTS_DIR; };
		69993B2C1A1A5CC900A78ED6 /* Info.plist */ = {isa = PBXFileReference; lastKnownFileType = text.plist.xml; path = Info.plist; sourceTree = "<group>"; };
		69993B2D1A1A5CC900A78ED6 /* Belle_De_JourTests.m */ = {isa = PBXFileReference; lastKnownFileType = sourcecode.c.objc; path = Belle_De_JourTests.m; sourceTree = "<group>"; };
		69993B441A1A63D500A78ED6 /* CoreGraphics.framework */ = {isa = PBXFileReference; lastKnownFileType = wrapper.framework; name = CoreGraphics.framework; path = System/Library/Frameworks/CoreGraphics.framework; sourceTree = SDKROOT; };
		69993B461A1A642B00A78ED6 /* Belledejour.pch */ = {isa = PBXFileReference; lastKnownFileType = sourcecode.c.h; path = Belledejour.pch; sourceTree = "<group>"; };
		69993B481A1A64D900A78ED6 /* Foundation.framework */ = {isa = PBXFileReference; lastKnownFileType = wrapper.framework; name = Foundation.framework; path = System/Library/Frameworks/Foundation.framework; sourceTree = SDKROOT; };
		69993B4A1A1A64E400A78ED6 /* UIKit.framework */ = {isa = PBXFileReference; lastKnownFileType = wrapper.framework; name = UIKit.framework; path = System/Library/Frameworks/UIKit.framework; sourceTree = SDKROOT; };
		699D3F681A35219C00658646 /* Reachability.h */ = {isa = PBXFileReference; fileEncoding = 4; lastKnownFileType = sourcecode.c.h; path = Reachability.h; sourceTree = "<group>"; };
		699D3F691A35219C00658646 /* Reachability.m */ = {isa = PBXFileReference; fileEncoding = 4; lastKnownFileType = sourcecode.c.objc; path = Reachability.m; sourceTree = "<group>"; };
		699D3F6A1A35219C00658646 /* SMBInternetConnectionIndicator.h */ = {isa = PBXFileReference; fileEncoding = 4; lastKnownFileType = sourcecode.c.h; path = SMBInternetConnectionIndicator.h; sourceTree = "<group>"; };
		699D3F6B1A35219C00658646 /* SMBInternetConnectionIndicator.m */ = {isa = PBXFileReference; fileEncoding = 4; lastKnownFileType = sourcecode.c.objc; path = SMBInternetConnectionIndicator.m; sourceTree = "<group>"; };
		69DAE4B41A405B140077213A /* DataParser.h */ = {isa = PBXFileReference; fileEncoding = 4; lastKnownFileType = sourcecode.c.h; path = DataParser.h; sourceTree = "<group>"; };
		69DAE4B51A405B140077213A /* DataParser.m */ = {isa = PBXFileReference; fileEncoding = 4; lastKnownFileType = sourcecode.c.objc; path = DataParser.m; sourceTree = "<group>"; };
		69DAE4ED1A4065C70077213A /* ImageIO.framework */ = {isa = PBXFileReference; lastKnownFileType = wrapper.framework; name = ImageIO.framework; path = System/Library/Frameworks/ImageIO.framework; sourceTree = SDKROOT; };
		83DA8219417D5643F5E79DBB /* libPods-Belle De Jour.a */ = {isa = PBXFileReference; explicitFileType = archive.ar; includeInIndex = 0; path = "libPods-Belle De Jour.a"; sourceTree = BUILT_PRODUCTS_DIR; };
		992738DCA6E289AD122B947B /* libPods-Belle De JourTests.a */ = {isa = PBXFileReference; explicitFileType = archive.ar; includeInIndex = 0; path = "libPods-Belle De JourTests.a"; sourceTree = BUILT_PRODUCTS_DIR; };
		9FF835C48B22A932AB0A079B /* Pods-Belle De JourTests.release.xcconfig */ = {isa = PBXFileReference; includeInIndex = 1; lastKnownFileType = text.xcconfig; name = "Pods-Belle De JourTests.release.xcconfig"; path = "Pods/Target Support Files/Pods-Belle De JourTests/Pods-Belle De JourTests.release.xcconfig"; sourceTree = "<group>"; };
		E111271CB681B781608AC276 /* Pods-Belle De Jour.release.xcconfig */ = {isa = PBXFileReference; includeInIndex = 1; lastKnownFileType = text.xcconfig; name = "Pods-Belle De Jour.release.xcconfig"; path = "Pods/Target Support Files/Pods-Belle De Jour/Pods-Belle De Jour.release.xcconfig"; sourceTree = "<group>"; };
/* End PBXFileReference section */

/* Begin PBXFrameworksBuildPhase section */
		69993B0B1A1A5CC900A78ED6 /* Frameworks */ = {
			isa = PBXFrameworksBuildPhase;
			buildActionMask = 2147483647;
			files = (
				6959687D1A61BF7E00C00C2C /* AssetsLibrary.framework in Frameworks */,
				69DAE4EE1A4065C70077213A /* ImageIO.framework in Frameworks */,
				693A26EB1A3D8ED500BC09B3 /* MessageUI.framework in Frameworks */,
				6913EB6F1A30F569009D65CD /* libz.1.1.3.dylib in Frameworks */,
				6913EB6D1A30F560009D65CD /* MobileCoreServices.framework in Frameworks */,
				6913EB691A30F537009D65CD /* Security.framework in Frameworks */,
				6913EB6B1A30F541009D65CD /* QuartzCore.framework in Frameworks */,
				6913EB671A30F52F009D65CD /* CoreLocation.framework in Frameworks */,
				699110C41A353C73002DC75A /* ParseFacebookUtils.framework in Frameworks */,
				699110C21A353B03002DC75A /* FacebookSDK.framework in Frameworks */,
				6913EB651A30F527009D65CD /* AudioToolbox.framework in Frameworks */,
				6913EB631A30F521009D65CD /* SystemConfiguration.framework in Frameworks */,
				6913EB611A30F517009D65CD /* Social.framework in Frameworks */,
				6913EB5F1A30F510009D65CD /* StoreKit.framework in Frameworks */,
				6913EB5D1A30F50A009D65CD /* CFNetwork.framework in Frameworks */,
				698414001A1BD5020084F0B2 /* libz.dylib in Frameworks */,
				69993B4B1A1A64E400A78ED6 /* UIKit.framework in Frameworks */,
				69993B491A1A64D900A78ED6 /* Foundation.framework in Frameworks */,
				69993B451A1A63D500A78ED6 /* CoreGraphics.framework in Frameworks */,
				6913EB5B1A30F4F7009D65CD /* Parse.framework in Frameworks */,
				698413FC1A1BD36D0084F0B2 /* libTestFlight.a in Frameworks */,
				4D886E37A562D9165FF978C5 /* libPods-Belle De Jour.a in Frameworks */,
			);
			runOnlyForDeploymentPostprocessing = 0;
		};
		69993B241A1A5CC900A78ED6 /* Frameworks */ = {
			isa = PBXFrameworksBuildPhase;
			buildActionMask = 2147483647;
			files = (
				77CFA23AA923A506A056760D /* libPods-Belle De JourTests.a in Frameworks */,
			);
			runOnlyForDeploymentPostprocessing = 0;
		};
/* End PBXFrameworksBuildPhase section */

/* Begin PBXGroup section */
		1066D84F42A69DCDF971F450 /* Pods */ = {
			isa = PBXGroup;
			children = (
				23840F8948A34DB8788F6C37 /* Pods-Belle De Jour.debug.xcconfig */,
				E111271CB681B781608AC276 /* Pods-Belle De Jour.release.xcconfig */,
				5F1C53AAA1A1F7B1905723E1 /* Pods-Belle De JourTests.debug.xcconfig */,
				9FF835C48B22A932AB0A079B /* Pods-Belle De JourTests.release.xcconfig */,
			);
			name = Pods;
			sourceTree = "<group>";
		};
		39A2251A1D6B2E5900F726D3 /* Controller */ = {
			isa = PBXGroup;
			children = (
				39D1C5CF1D6DDD6000A629F3 /* ContactUsViewController.h */,
				39D1C5D01D6DDD6100A629F3 /* ContactUsViewController.m */,
				39A225EA1D6B348100F726D3 /* ViewController.h */,
				39A225EB1D6B348100F726D3 /* ViewController.m */,
				39A2251B1D6B2E5900F726D3 /* BookingViewController.h */,
				39A2251C1D6B2E5900F726D3 /* BookingViewController.m */,
				39A2251D1D6B2E5900F726D3 /* FaceBookFeedsTableViewController.h */,
				39A2251E1D6B2E5900F726D3 /* FaceBookFeedsTableViewController.m */,
				39A2251F1D6B2E5900F726D3 /* FeedsCustomCell.h */,
				39A225201D6B2E5900F726D3 /* FeedsCustomCell.m */,
				39A225211D6B2E5900F726D3 /* ForgetPasswordViewController.h */,
				39A225221D6B2E5900F726D3 /* ForgetPasswordViewController.m */,
				39A225231D6B2E5900F726D3 /* HomeViewController.h */,
				39A225241D6B2E5900F726D3 /* HomeViewController.m */,
				39A225251D6B2E5900F726D3 /* LeftViewController.h */,
				39A225261D6B2E5900F726D3 /* LeftViewController.m */,
				39A225271D6B2E5900F726D3 /* LoginViewController.h */,
				39A225281D6B2E5900F726D3 /* LoginViewController.m */,
				39A225291D6B2E5900F726D3 /* OffersCustomCell.h */,
				39A2252A1D6B2E5900F726D3 /* OffersCustomCell.m */,
				39A2252B1D6B2E5900F726D3 /* OffersTableViewController.h */,
				39A2252C1D6B2E5900F726D3 /* OffersTableViewController.m */,
				39A2252D1D6B2E5900F726D3 /* PageContentViewController.h */,
				39A2252E1D6B2E5900F726D3 /* PageContentViewController.m */,
				39A2252F1D6B2E5900F726D3 /* ServiceCollectionCell.h */,
				39A225301D6B2E5900F726D3 /* ServiceCollectionCell.m */,
				39A225311D6B2E5900F726D3 /* ServiceCollectionViewCell.h */,
				39A225321D6B2E5900F726D3 /* ServiceCollectionViewCell.m */,
				39A225331D6B2E5900F726D3 /* ServiceDetails.h */,
				39A225341D6B2E5900F726D3 /* ServiceDetails.m */,
				39A225351D6B2E5900F726D3 /* ServiceListCustomCell.h */,
				39A225361D6B2E5900F726D3 /* ServiceListCustomCell.m */,
				39A225371D6B2E5900F726D3 /* ServicesListViewController.h */,
				39A225381D6B2E5900F726D3 /* ServicesListViewController.m */,
				39A225391D6B2E5900F726D3 /* ServicesTableViewController.h */,
				39A2253A1D6B2E5900F726D3 /* ServicesTableViewController.m */,
				39A2253B1D6B2E5900F726D3 /* ServiceTableViewCell.h */,
				39A2253C1D6B2E5900F726D3 /* ServiceTableViewCell.m */,
				39A2253D1D6B2E5900F726D3 /* SettingsViewController.h */,
				39A2253E1D6B2E5900F726D3 /* SettingsViewController.m */,
				39A2253F1D6B2E5900F726D3 /* SignUpViewController.h */,
				39A225401D6B2E5900F726D3 /* SignUpViewController.m */,
				39A225411D6B2E5900F726D3 /* StuffCustomCell.h */,
				39A225421D6B2E5900F726D3 /* StuffCustomCell.m */,
				39A225431D6B2E5900F726D3 /* StuffTableViewController.h */,
				39A225441D6B2E5900F726D3 /* StuffTableViewController.m */,
			);
			path = Controller;
			sourceTree = "<group>";
		};
		39A2255D1D6B2F6000F726D3 /* Resources */ = {
			isa = PBXGroup;
			children = (
				39A225B81D6B309E00F726D3 /* Images */,
				39A2255E1D6B2F6000F726D3 /* Libraries */,
			);
			path = Resources;
			sourceTree = "<group>";
		};
		39A2255E1D6B2F6000F726D3 /* Libraries */ = {
			isa = PBXGroup;
			children = (
				39A2255F1D6B2F6000F726D3 /* Chameleon */,
				39A2256C1D6B2F6000F726D3 /* RESideMenu */,
			);
			path = Libraries;
			sourceTree = "<group>";
		};
		39A2255F1D6B2F6000F726D3 /* Chameleon */ = {
			isa = PBXGroup;
			children = (
				39A225601D6B2F6000F726D3 /* Chameleon.h */,
				39A225611D6B2F6000F726D3 /* ChameleonMacros.h */,
				39A225621D6B2F6000F726D3 /* ChameleonStatusBar.h */,
				39A225631D6B2F6000F726D3 /* ChameleonStatusBar.m */,
				39A225641D6B2F6000F726D3 /* NSArray+Chameleon.h */,
				39A225651D6B2F6000F726D3 /* NSArray+Chameleon.m */,
				39A225661D6B2F6000F726D3 /* UIColor+Chameleon.h */,
				39A225671D6B2F6000F726D3 /* UIColor+Chameleon.m */,
				39A225681D6B2F6000F726D3 /* UIColor+CIELAB.h */,
				39A225691D6B2F6000F726D3 /* UIColor+CIELAB.m */,
				39A2256A1D6B2F6000F726D3 /* UIViewController+Chameleon.h */,
				39A2256B1D6B2F6000F726D3 /* UIViewController+Chameleon.m */,
			);
			path = Chameleon;
			sourceTree = "<group>";
		};
		39A2256C1D6B2F6000F726D3 /* RESideMenu */ = {
			isa = PBXGroup;
			children = (
				39A2256D1D6B2F6000F726D3 /* RECommonFunctions.h */,
				39A2256E1D6B2F6000F726D3 /* RECommonFunctions.m */,
				39A2256F1D6B2F6000F726D3 /* RESideMenu.h */,
				39A225701D6B2F6000F726D3 /* RESideMenu.m */,
				39A225711D6B2F6000F726D3 /* UIViewController+RESideMenu.h */,
				39A225721D6B2F6000F726D3 /* UIViewController+RESideMenu.m */,
			);
			path = RESideMenu;
			sourceTree = "<group>";
		};
		39A225B81D6B309E00F726D3 /* Images */ = {
			isa = PBXGroup;
			children = (
				39A225ED1D6B352100F726D3 /* line_seperate@2x.png */,
				39A225B91D6B309E00F726D3 /* 32355@2x.png */,
				39A225BA1D6B309E00F726D3 /* asterik@2x.gif */,
				39A225BB1D6B309E00F726D3 /* call-button-48x48.png */,
				39A225BC1D6B309E00F726D3 /* camera.jpg */,
				39A225BD1D6B309E00F726D3 /* cell_phone_3-512@2x.png */,
				39A225BE1D6B309E00F726D3 /* Circle@2x.png */,
				39A225BF1D6B309E00F726D3 /* close_button.png */,
				39A225C01D6B309E00F726D3 /* closing_symbol.png */,
				39A225C11D6B309E00F726D3 /* Dental.jpg */,
				39A225C21D6B309E00F726D3 /* dermatology@2x.png */,
				39A225C31D6B309E00F726D3 /* events-calendar-icon@2x.png */,
				39A225C41D6B309E00F726D3 /* Facebook_icon-resized-image-100x100@2x.png */,
				39A225C51D6B309E00F726D3 /* googleplus@2x.png */,
				39A225C61D6B309E00F726D3 /* instagram-100x100@2x.png */,
				39A225C71D6B309E00F726D3 /* lasericon@2x.png */,
				39A225C81D6B309E00F726D3 /* my_topic@2x.png */,
				39A225C91D6B309E00F726D3 /* navgationBar@2x.png */,
				39A225CA1D6B309E00F726D3 /* profile-bg.png */,
				39A225CB1D6B309E00F726D3 /* profile-rabbit-toy.png */,
				39A225CC1D6B309E00F726D3 /* Reflexology@2x.png */,
				39A225CD1D6B309E00F726D3 /* Slimming.jpg */,
				39A225CE1D6B309E00F726D3 /* twitter-icon-100x100@2x.png */,
				39A225CF1D6B309E00F726D3 /* user1.png */,
			);
			path = Images;
			sourceTree = "<group>";
		};
		39A225EF1D6B35E800F726D3 /* Model */ = {
			isa = PBXGroup;
			children = (
				39BA07C81D6B4B770029DED3 /* DataParsing.h */,
				39BA07C91D6B4B770029DED3 /* DataParsing.m */,
				39A225F01D6B35E800F726D3 /* Constants.h */,
				39A225F11D6B35E800F726D3 /* FacebookFeeds.h */,
				39A225F21D6B35E800F726D3 /* FacebookFeeds.m */,
				39A225F31D6B35E800F726D3 /* Offer.h */,
				39A225F41D6B35E800F726D3 /* Offer.m */,
				39A225F51D6B35E800F726D3 /* Service.h */,
				39A225F61D6B35E800F726D3 /* Service.m */,
				39A225F71D6B35E800F726D3 /* SharedManager.h */,
				39A225F81D6B35E800F726D3 /* SharedManager.m */,
				39A225F91D6B35E800F726D3 /* Stuff.h */,
				39A225FA1D6B35E800F726D3 /* Stuff.m */,
				39A225FB1D6B35E800F726D3 /* User.h */,
				39A225FC1D6B35E800F726D3 /* User.m */,
			);
			path = Model;
			sourceTree = "<group>";
		};
		39A226081D6B363300F726D3 /* View */ = {
			isa = PBXGroup;
			children = (
				39A226091D6B363300F726D3 /* LaunchScreen.xib */,
				39A2260A1D6B363300F726D3 /* Main.storyboard */,
			);
			path = View;
			sourceTree = "<group>";
		};
		39BA07C41D6B4A070029DED3 /* Layer */ = {
			isa = PBXGroup;
			children = (
				39BA07C51D6B4A560029DED3 /* NetworkRequester.h */,
				39BA07C61D6B4A560029DED3 /* NetworkRequester.m */,
				39BA07CB1D6B4D400029DED3 /* AppConstants.h */,
				39BA07CC1D6B4D400029DED3 /* AppConstants.m */,
			);
			path = Layer;
			sourceTree = "<group>";
		};
		698413F51A1BD36D0084F0B2 /* TestFlightSDK3-2 */ = {
			isa = PBXGroup;
			children = (
				698413F61A1BD36D0084F0B2 /* libTestFlight.a */,
				698413F71A1BD36D0084F0B2 /* README.md */,
				698413F81A1BD36D0084F0B2 /* release_notes.md */,
				698413F91A1BD36D0084F0B2 /* TestFlight+AsyncLogging.h */,
				698413FA1A1BD36D0084F0B2 /* TestFlight+ManualSessions.h */,
				698413FB1A1BD36D0084F0B2 /* TestFlight.h */,
			);
			path = "TestFlightSDK3-2";
			sourceTree = "<group>";
		};
		69993B051A1A5CC900A78ED6 = {
			isa = PBXGroup;
			children = (
				698413F51A1BD36D0084F0B2 /* TestFlightSDK3-2 */,
				69993B101A1A5CC900A78ED6 /* Belle De Jour */,
				69993B2A1A1A5CC900A78ED6 /* Belle De JourTests */,
				69993B0F1A1A5CC900A78ED6 /* Products */,
				1066D84F42A69DCDF971F450 /* Pods */,
				C40ED1EF32CD4A3008A6E555 /* Frameworks */,
			);
			sourceTree = "<group>";
		};
		69993B0F1A1A5CC900A78ED6 /* Products */ = {
			isa = PBXGroup;
			children = (
				69993B0E1A1A5CC900A78ED6 /* Belle De Jour.app */,
				69993B271A1A5CC900A78ED6 /* Belle De JourTests.xctest */,
			);
			name = Products;
			sourceTree = "<group>";
		};
		69993B101A1A5CC900A78ED6 /* Belle De Jour */ = {
			isa = PBXGroup;
			children = (
				39BA07C41D6B4A070029DED3 /* Layer */,
				39A226081D6B363300F726D3 /* View */,
				39A225EF1D6B35E800F726D3 /* Model */,
				39A2255D1D6B2F6000F726D3 /* Resources */,
				39A2251A1D6B2E5900F726D3 /* Controller */,
				699D3F651A35219C00658646 /* Networking */,
				69993B471A1A64C700A78ED6 /* FrameWorks */,
				69993B151A1A5CC900A78ED6 /* AppDelegate.h */,
				69993B161A1A5CC900A78ED6 /* AppDelegate.m */,
				69993B1E1A1A5CC900A78ED6 /* Images.xcassets */,
				69993B111A1A5CC900A78ED6 /* Supporting Files */,
			);
			path = "Belle De Jour";
			sourceTree = "<group>";
		};
		69993B111A1A5CC900A78ED6 /* Supporting Files */ = {
			isa = PBXGroup;
			children = (
				6981C2751A3307DC00699924 /* belledejouricon-1.png */,
				69993B121A1A5CC900A78ED6 /* Info.plist */,
				39A225181D6B262900F726D3 /* GoogleService-Info.plist */,
				69993B131A1A5CC900A78ED6 /* main.m */,
				69993B461A1A642B00A78ED6 /* Belledejour.pch */,
			);
			name = "Supporting Files";
			sourceTree = "<group>";
		};
		69993B2A1A1A5CC900A78ED6 /* Belle De JourTests */ = {
			isa = PBXGroup;
			children = (
				69993B2D1A1A5CC900A78ED6 /* Belle_De_JourTests.m */,
				69993B2B1A1A5CC900A78ED6 /* Supporting Files */,
			);
			path = "Belle De JourTests";
			sourceTree = "<group>";
		};
		69993B2B1A1A5CC900A78ED6 /* Supporting Files */ = {
			isa = PBXGroup;
			children = (
				69993B2C1A1A5CC900A78ED6 /* Info.plist */,
			);
			name = "Supporting Files";
			sourceTree = "<group>";
		};
		69993B471A1A64C700A78ED6 /* FrameWorks */ = {
			isa = PBXGroup;
			children = (
				6959687C1A61BF7E00C00C2C /* AssetsLibrary.framework */,
				69DAE4ED1A4065C70077213A /* ImageIO.framework */,
				693A26EA1A3D8ED400BC09B3 /* MessageUI.framework */,
				699110C31A353C73002DC75A /* ParseFacebookUtils.framework */,
				699110C11A353B03002DC75A /* FacebookSDK.framework */,
				6913EB781A30F63C009D65CD /* Bolts.framework */,
				6913EB6E1A30F569009D65CD /* libz.1.1.3.dylib */,
				6913EB6C1A30F560009D65CD /* MobileCoreServices.framework */,
				6913EB6A1A30F541009D65CD /* QuartzCore.framework */,
				6913EB681A30F537009D65CD /* Security.framework */,
				6913EB661A30F52F009D65CD /* CoreLocation.framework */,
				6913EB641A30F527009D65CD /* AudioToolbox.framework */,
				6913EB621A30F521009D65CD /* SystemConfiguration.framework */,
				6913EB601A30F517009D65CD /* Social.framework */,
				6913EB5E1A30F510009D65CD /* StoreKit.framework */,
				6913EB5C1A30F50A009D65CD /* CFNetwork.framework */,
				6913EB5A1A30F4F7009D65CD /* Parse.framework */,
				698413FF1A1BD5020084F0B2 /* libz.dylib */,
				69993B481A1A64D900A78ED6 /* Foundation.framework */,
				69993B4A1A1A64E400A78ED6 /* UIKit.framework */,
				69993B441A1A63D500A78ED6 /* CoreGraphics.framework */,
			);
			name = FrameWorks;
			path = ..;
			sourceTree = "<group>";
		};
		699D3F651A35219C00658646 /* Networking */ = {
			isa = PBXGroup;
			children = (
				69DAE4B41A405B140077213A /* DataParser.h */,
				69DAE4B51A405B140077213A /* DataParser.m */,
				699D3F681A35219C00658646 /* Reachability.h */,
				699D3F691A35219C00658646 /* Reachability.m */,
				699D3F6A1A35219C00658646 /* SMBInternetConnectionIndicator.h */,
				699D3F6B1A35219C00658646 /* SMBInternetConnectionIndicator.m */,
			);
			path = Networking;
			sourceTree = "<group>";
		};
		C40ED1EF32CD4A3008A6E555 /* Frameworks */ = {
			isa = PBXGroup;
			children = (
				83DA8219417D5643F5E79DBB /* libPods-Belle De Jour.a */,
				992738DCA6E289AD122B947B /* libPods-Belle De JourTests.a */,
			);
			name = Frameworks;
			sourceTree = "<group>";
		};
/* End PBXGroup section */

/* Begin PBXNativeTarget section */
		69993B0D1A1A5CC900A78ED6 /* Belle De Jour */ = {
			isa = PBXNativeTarget;
			buildConfigurationList = 69993B311A1A5CC900A78ED6 /* Build configuration list for PBXNativeTarget "Belle De Jour" */;
			buildPhases = (
				A99A52E60468490076F0E192 /* [CP] Check Pods Manifest.lock */,
				69993B0A1A1A5CC900A78ED6 /* Sources */,
				69993B0B1A1A5CC900A78ED6 /* Frameworks */,
				69993B0C1A1A5CC900A78ED6 /* Resources */,
				F285CE3FC01EED733B54EF50 /* [CP] Embed Pods Frameworks */,
				0680644A02B71FF6A68D19B5 /* [CP] Copy Pods Resources */,
			);
			buildRules = (
			);
			dependencies = (
			);
			name = "Belle De Jour";
			productName = "Belle De Jour";
			productReference = 69993B0E1A1A5CC900A78ED6 /* Belle De Jour.app */;
			productType = "com.apple.product-type.application";
		};
		69993B261A1A5CC900A78ED6 /* Belle De JourTests */ = {
			isa = PBXNativeTarget;
			buildConfigurationList = 69993B341A1A5CC900A78ED6 /* Build configuration list for PBXNativeTarget "Belle De JourTests" */;
			buildPhases = (
				30C78BDDEF1D6F3BCE925CC8 /* [CP] Check Pods Manifest.lock */,
				69993B231A1A5CC900A78ED6 /* Sources */,
				69993B241A1A5CC900A78ED6 /* Frameworks */,
				69993B251A1A5CC900A78ED6 /* Resources */,
				2FDFB5C1B64E9BF334487617 /* [CP] Embed Pods Frameworks */,
				F70D1840CE07631BE4B0BB80 /* [CP] Copy Pods Resources */,
			);
			buildRules = (
			);
			dependencies = (
				69993B291A1A5CC900A78ED6 /* PBXTargetDependency */,
			);
			name = "Belle De JourTests";
			productName = "Belle De JourTests";
			productReference = 69993B271A1A5CC900A78ED6 /* Belle De JourTests.xctest */;
			productType = "com.apple.product-type.bundle.unit-test";
		};
/* End PBXNativeTarget section */

/* Begin PBXProject section */
		69993B061A1A5CC900A78ED6 /* Project object */ = {
			isa = PBXProject;
			attributes = {
				LastUpgradeCheck = 0600;
				ORGANIZATIONNAME = SpringMoon;
				TargetAttributes = {
					69993B0D1A1A5CC900A78ED6 = {
						CreatedOnToolsVersion = 6.0.1;
						DevelopmentTeam = 6VJ733SKX8;
					};
					69993B261A1A5CC900A78ED6 = {
						CreatedOnToolsVersion = 6.0.1;
						TestTargetID = 69993B0D1A1A5CC900A78ED6;
					};
				};
			};
			buildConfigurationList = 69993B091A1A5CC900A78ED6 /* Build configuration list for PBXProject "Belle De Jour" */;
			compatibilityVersion = "Xcode 3.2";
			developmentRegion = English;
			hasScannedForEncodings = 0;
			knownRegions = (
				en,
				Base,
			);
			mainGroup = 69993B051A1A5CC900A78ED6;
			productRefGroup = 69993B0F1A1A5CC900A78ED6 /* Products */;
			projectDirPath = "";
			projectRoot = "";
			targets = (
				69993B0D1A1A5CC900A78ED6 /* Belle De Jour */,
				69993B261A1A5CC900A78ED6 /* Belle De JourTests */,
			);
		};
/* End PBXProject section */

/* Begin PBXResourcesBuildPhase section */
		69993B0C1A1A5CC900A78ED6 /* Resources */ = {
			isa = PBXResourcesBuildPhase;
			buildActionMask = 2147483647;
			files = (
				39A225E51D6B309E00F726D3 /* twitter-icon-100x100@2x.png in Resources */,
				39A225DD1D6B309E00F726D3 /* instagram-100x100@2x.png in Resources */,
				39A225D51D6B309E00F726D3 /* Circle@2x.png in Resources */,
				39A225D11D6B309E00F726D3 /* asterik@2x.gif in Resources */,
				39A225D21D6B309E00F726D3 /* call-button-48x48.png in Resources */,
				39A225DE1D6B309E00F726D3 /* lasericon@2x.png in Resources */,
				6981C2761A3307DC00699924 /* belledejouricon-1.png in Resources */,
				39A225D81D6B309E00F726D3 /* Dental.jpg in Resources */,
				39A225DC1D6B309E00F726D3 /* googleplus@2x.png in Resources */,
				39A225EE1D6B352100F726D3 /* line_seperate@2x.png in Resources */,
				39A225E41D6B309E00F726D3 /* Slimming.jpg in Resources */,
				39A225191D6B262900F726D3 /* GoogleService-Info.plist in Resources */,
				39A225D31D6B309E00F726D3 /* camera.jpg in Resources */,
				39A225DA1D6B309E00F726D3 /* events-calendar-icon@2x.png in Resources */,
				39A225E11D6B309E00F726D3 /* profile-bg.png in Resources */,
				39A225E31D6B309E00F726D3 /* Reflexology@2x.png in Resources */,
				39A225D91D6B309E00F726D3 /* dermatology@2x.png in Resources */,
				39A225D71D6B309E00F726D3 /* closing_symbol.png in Resources */,
				39A225E61D6B309E00F726D3 /* user1.png in Resources */,
				39A225DF1D6B309E00F726D3 /* my_topic@2x.png in Resources */,
				39A225D01D6B309E00F726D3 /* 32355@2x.png in Resources */,
				69993B1F1A1A5CC900A78ED6 /* Images.xcassets in Resources */,
				39A225E01D6B309E00F726D3 /* navgationBar@2x.png in Resources */,
				39A225D61D6B309E00F726D3 /* close_button.png in Resources */,
				39A2260C1D6B363300F726D3 /* Main.storyboard in Resources */,
				39A2260B1D6B363300F726D3 /* LaunchScreen.xib in Resources */,
				39A225D41D6B309E00F726D3 /* cell_phone_3-512@2x.png in Resources */,
				39A225DB1D6B309E00F726D3 /* Facebook_icon-resized-image-100x100@2x.png in Resources */,
				39A225E21D6B309E00F726D3 /* profile-rabbit-toy.png in Resources */,
			);
			runOnlyForDeploymentPostprocessing = 0;
		};
		69993B251A1A5CC900A78ED6 /* Resources */ = {
			isa = PBXResourcesBuildPhase;
			buildActionMask = 2147483647;
			files = (
			);
			runOnlyForDeploymentPostprocessing = 0;
		};
/* End PBXResourcesBuildPhase section */

/* Begin PBXShellScriptBuildPhase section */
		0680644A02B71FF6A68D19B5 /* [CP] Copy Pods Resources */ = {
			isa = PBXShellScriptBuildPhase;
			buildActionMask = 2147483647;
			files = (
			);
			inputPaths = (
			);
			name = "[CP] Copy Pods Resources";
			outputPaths = (
			);
			runOnlyForDeploymentPostprocessing = 0;
			shellPath = /bin/sh;
			shellScript = "\"${SRCROOT}/Pods/Target Support Files/Pods-Belle De Jour/Pods-Belle De Jour-resources.sh\"\n";
			showEnvVarsInLog = 0;
		};
		2FDFB5C1B64E9BF334487617 /* [CP] Embed Pods Frameworks */ = {
			isa = PBXShellScriptBuildPhase;
			buildActionMask = 2147483647;
			files = (
			);
			inputPaths = (
			);
			name = "[CP] Embed Pods Frameworks";
			outputPaths = (
			);
			runOnlyForDeploymentPostprocessing = 0;
			shellPath = /bin/sh;
			shellScript = "\"${SRCROOT}/Pods/Target Support Files/Pods-Belle De JourTests/Pods-Belle De JourTests-frameworks.sh\"\n";
			showEnvVarsInLog = 0;
		};
		30C78BDDEF1D6F3BCE925CC8 /* [CP] Check Pods Manifest.lock */ = {
			isa = PBXShellScriptBuildPhase;
			buildActionMask = 2147483647;
			files = (
			);
			inputPaths = (
			);
			name = "[CP] Check Pods Manifest.lock";
			outputPaths = (
			);
			runOnlyForDeploymentPostprocessing = 0;
			shellPath = /bin/sh;
			shellScript = "diff \"${PODS_ROOT}/../Podfile.lock\" \"${PODS_ROOT}/Manifest.lock\" > /dev/null\nif [[ $? != 0 ]] ; then\n    cat << EOM\nerror: The sandbox is not in sync with the Podfile.lock. Run 'pod install' or update your CocoaPods installation.\nEOM\n    exit 1\nfi\n";
			showEnvVarsInLog = 0;
		};
		A99A52E60468490076F0E192 /* [CP] Check Pods Manifest.lock */ = {
			isa = PBXShellScriptBuildPhase;
			buildActionMask = 2147483647;
			files = (
			);
			inputPaths = (
			);
			name = "[CP] Check Pods Manifest.lock";
			outputPaths = (
			);
			runOnlyForDeploymentPostprocessing = 0;
			shellPath = /bin/sh;
			shellScript = "diff \"${PODS_ROOT}/../Podfile.lock\" \"${PODS_ROOT}/Manifest.lock\" > /dev/null\nif [[ $? != 0 ]] ; then\n    cat << EOM\nerror: The sandbox is not in sync with the Podfile.lock. Run 'pod install' or update your CocoaPods installation.\nEOM\n    exit 1\nfi\n";
			showEnvVarsInLog = 0;
		};
		F285CE3FC01EED733B54EF50 /* [CP] Embed Pods Frameworks */ = {
			isa = PBXShellScriptBuildPhase;
			buildActionMask = 2147483647;
			files = (
			);
			inputPaths = (
			);
			name = "[CP] Embed Pods Frameworks";
			outputPaths = (
			);
			runOnlyForDeploymentPostprocessing = 0;
			shellPath = /bin/sh;
			shellScript = "\"${SRCROOT}/Pods/Target Support Files/Pods-Belle De Jour/Pods-Belle De Jour-frameworks.sh\"\n";
			showEnvVarsInLog = 0;
		};
		F70D1840CE07631BE4B0BB80 /* [CP] Copy Pods Resources */ = {
			isa = PBXShellScriptBuildPhase;
			buildActionMask = 2147483647;
			files = (
			);
			inputPaths = (
			);
			name = "[CP] Copy Pods Resources";
			outputPaths = (
			);
			runOnlyForDeploymentPostprocessing = 0;
			shellPath = /bin/sh;
			shellScript = "\"${SRCROOT}/Pods/Target Support Files/Pods-Belle De JourTests/Pods-Belle De JourTests-resources.sh\"\n";
			showEnvVarsInLog = 0;
		};
/* End PBXShellScriptBuildPhase section */

/* Begin PBXSourcesBuildPhase section */
		69993B0A1A1A5CC900A78ED6 /* Sources */ = {
			isa = PBXSourcesBuildPhase;
			buildActionMask = 2147483647;
			files = (
				39A225541D6B2E5900F726D3 /* ServiceListCustomCell.m in Sources */,
				699D3F6D1A35219D00658646 /* Reachability.m in Sources */,
				69993B171A1A5CC900A78ED6 /* AppDelegate.m in Sources */,
				39A2259B1D6B2F6100F726D3 /* NSArray+Chameleon.m in Sources */,
				69993B141A1A5CC900A78ED6 /* main.m in Sources */,
				39A2255B1D6B2E5900F726D3 /* StuffTableViewController.m in Sources */,
				39A225471D6B2E5900F726D3 /* BookingViewController.m in Sources */,
				39A2259A1D6B2F6100F726D3 /* ChameleonStatusBar.m in Sources */,
				39BA07CA1D6B4B770029DED3 /* DataParsing.m in Sources */,
				39A2259D1D6B2F6100F726D3 /* UIColor+CIELAB.m in Sources */,
				39D1C5D11D6DDD6100A629F3 /* ContactUsViewController.m in Sources */,
				39A226011D6B35E800F726D3 /* Stuff.m in Sources */,
				39A225FF1D6B35E800F726D3 /* Service.m in Sources */,
				39A225511D6B2E5900F726D3 /* ServiceCollectionCell.m in Sources */,
				39A2259F1D6B2F6100F726D3 /* RECommonFunctions.m in Sources */,
				39A2254C1D6B2E5900F726D3 /* LeftViewController.m in Sources */,
				39A226021D6B35E800F726D3 /* User.m in Sources */,
				698413FE1A1BD36D0084F0B2 /* release_notes.md in Sources */,
				39A225FE1D6B35E800F726D3 /* Offer.m in Sources */,
				39A225FD1D6B35E800F726D3 /* FacebookFeeds.m in Sources */,
				39BA07CD1D6B4D400029DED3 /* AppConstants.m in Sources */,
				39A2254F1D6B2E5900F726D3 /* OffersTableViewController.m in Sources */,
				39A225501D6B2E5900F726D3 /* PageContentViewController.m in Sources */,
				39A2259E1D6B2F6100F726D3 /* UIViewController+Chameleon.m in Sources */,
				698413FD1A1BD36D0084F0B2 /* README.md in Sources */,
				69DAE4B61A405B140077213A /* DataParser.m in Sources */,
				39A225A11D6B2F6100F726D3 /* UIViewController+RESideMenu.m in Sources */,
				39A225571D6B2E5900F726D3 /* ServiceTableViewCell.m in Sources */,
				39BA07C71D6B4A560029DED3 /* NetworkRequester.m in Sources */,
				39A225521D6B2E5900F726D3 /* ServiceCollectionViewCell.m in Sources */,
				39A225591D6B2E5900F726D3 /* SignUpViewController.m in Sources */,
				39A225481D6B2E5900F726D3 /* FaceBookFeedsTableViewController.m in Sources */,
				39A2254B1D6B2E5900F726D3 /* HomeViewController.m in Sources */,
				39A225561D6B2E5900F726D3 /* ServicesTableViewController.m in Sources */,
				39A2259C1D6B2F6100F726D3 /* UIColor+Chameleon.m in Sources */,
				39A225A01D6B2F6100F726D3 /* RESideMenu.m in Sources */,
				39A2255A1D6B2E5900F726D3 /* StuffCustomCell.m in Sources */,
				39A225581D6B2E5900F726D3 /* SettingsViewController.m in Sources */,
				39A225491D6B2E5900F726D3 /* FeedsCustomCell.m in Sources */,
				699D3F6E1A35219D00658646 /* SMBInternetConnectionIndicator.m in Sources */,
				39A225551D6B2E5900F726D3 /* ServicesListViewController.m in Sources */,
				39A2254A1D6B2E5900F726D3 /* ForgetPasswordViewController.m in Sources */,
				39A226001D6B35E800F726D3 /* SharedManager.m in Sources */,
				39A225EC1D6B348100F726D3 /* ViewController.m in Sources */,
				39A2254E1D6B2E5900F726D3 /* OffersCustomCell.m in Sources */,
				39A2254D1D6B2E5900F726D3 /* LoginViewController.m in Sources */,
				39A225531D6B2E5900F726D3 /* ServiceDetails.m in Sources */,
			);
			runOnlyForDeploymentPostprocessing = 0;
		};
		69993B231A1A5CC900A78ED6 /* Sources */ = {
			isa = PBXSourcesBuildPhase;
			buildActionMask = 2147483647;
			files = (
				69993B2E1A1A5CC900A78ED6 /* Belle_De_JourTests.m in Sources */,
			);
			runOnlyForDeploymentPostprocessing = 0;
		};
/* End PBXSourcesBuildPhase section */

/* Begin PBXTargetDependency section */
		69993B291A1A5CC900A78ED6 /* PBXTargetDependency */ = {
			isa = PBXTargetDependency;
			target = 69993B0D1A1A5CC900A78ED6 /* Belle De Jour */;
			targetProxy = 69993B281A1A5CC900A78ED6 /* PBXContainerItemProxy */;
		};
/* End PBXTargetDependency section */

/* Begin XCBuildConfiguration section */
		69993B2F1A1A5CC900A78ED6 /* Debug */ = {
			isa = XCBuildConfiguration;
			buildSettings = {
				ALWAYS_SEARCH_USER_PATHS = NO;
				CLANG_CXX_LANGUAGE_STANDARD = "gnu++0x";
				CLANG_CXX_LIBRARY = "libc++";
				CLANG_ENABLE_MODULES = YES;
				CLANG_ENABLE_OBJC_ARC = YES;
				CLANG_WARN_BOOL_CONVERSION = YES;
				CLANG_WARN_CONSTANT_CONVERSION = YES;
				CLANG_WARN_DIRECT_OBJC_ISA_USAGE = YES_ERROR;
				CLANG_WARN_EMPTY_BODY = YES;
				CLANG_WARN_ENUM_CONVERSION = YES;
				CLANG_WARN_INT_CONVERSION = YES;
				CLANG_WARN_OBJC_ROOT_CLASS = YES_ERROR;
				CLANG_WARN_UNREACHABLE_CODE = YES;
				CLANG_WARN__DUPLICATE_METHOD_MATCH = YES;
				"CODE_SIGN_IDENTITY[sdk=iphoneos*]" = "iPhone Developer";
				COPY_PHASE_STRIP = NO;
				ENABLE_STRICT_OBJC_MSGSEND = YES;
				GCC_C_LANGUAGE_STANDARD = gnu99;
				GCC_DYNAMIC_NO_PIC = NO;
				GCC_OPTIMIZATION_LEVEL = 0;
				GCC_PREPROCESSOR_DEFINITIONS = (
					"DEBUG=1",
					"$(inherited)",
				);
				GCC_SYMBOLS_PRIVATE_EXTERN = NO;
				GCC_WARN_64_TO_32_BIT_CONVERSION = YES;
				GCC_WARN_ABOUT_RETURN_TYPE = YES_ERROR;
				GCC_WARN_UNDECLARED_SELECTOR = YES;
				GCC_WARN_UNINITIALIZED_AUTOS = YES_AGGRESSIVE;
				GCC_WARN_UNUSED_FUNCTION = YES;
				GCC_WARN_UNUSED_VARIABLE = YES;
				IPHONEOS_DEPLOYMENT_TARGET = 8.0;
				MTL_ENABLE_DEBUG_INFO = YES;
				ONLY_ACTIVE_ARCH = YES;
				OTHER_LDFLAGS = "";
				PROVISIONING_PROFILE = "19b93e10-b03c-490a-801e-f8e97c2bf6a3";
				SDKROOT = iphoneos;
				TARGETED_DEVICE_FAMILY = "1,2";
			};
			name = Debug;
		};
		69993B301A1A5CC900A78ED6 /* Release */ = {
			isa = XCBuildConfiguration;
			buildSettings = {
				ALWAYS_SEARCH_USER_PATHS = NO;
				CLANG_CXX_LANGUAGE_STANDARD = "gnu++0x";
				CLANG_CXX_LIBRARY = "libc++";
				CLANG_ENABLE_MODULES = YES;
				CLANG_ENABLE_OBJC_ARC = YES;
				CLANG_WARN_BOOL_CONVERSION = YES;
				CLANG_WARN_CONSTANT_CONVERSION = YES;
				CLANG_WARN_DIRECT_OBJC_ISA_USAGE = YES_ERROR;
				CLANG_WARN_EMPTY_BODY = YES;
				CLANG_WARN_ENUM_CONVERSION = YES;
				CLANG_WARN_INT_CONVERSION = YES;
				CLANG_WARN_OBJC_ROOT_CLASS = YES_ERROR;
				CLANG_WARN_UNREACHABLE_CODE = YES;
				CLANG_WARN__DUPLICATE_METHOD_MATCH = YES;
				"CODE_SIGN_IDENTITY[sdk=iphoneos*]" = "iPhone Developer";
				COPY_PHASE_STRIP = YES;
				ENABLE_NS_ASSERTIONS = NO;
				ENABLE_STRICT_OBJC_MSGSEND = YES;
				GCC_C_LANGUAGE_STANDARD = gnu99;
				GCC_WARN_64_TO_32_BIT_CONVERSION = YES;
				GCC_WARN_ABOUT_RETURN_TYPE = YES_ERROR;
				GCC_WARN_UNDECLARED_SELECTOR = YES;
				GCC_WARN_UNINITIALIZED_AUTOS = YES_AGGRESSIVE;
				GCC_WARN_UNUSED_FUNCTION = YES;
				GCC_WARN_UNUSED_VARIABLE = YES;
				IPHONEOS_DEPLOYMENT_TARGET = 8.0;
				MTL_ENABLE_DEBUG_INFO = NO;
				OTHER_LDFLAGS = "";
				PROVISIONING_PROFILE = "19b93e10-b03c-490a-801e-f8e97c2bf6a3";
				SDKROOT = iphoneos;
				TARGETED_DEVICE_FAMILY = "1,2";
				VALIDATE_PRODUCT = YES;
			};
			name = Release;
		};
		69993B321A1A5CC900A78ED6 /* Debug */ = {
			isa = XCBuildConfiguration;
			baseConfigurationReference = 23840F8948A34DB8788F6C37 /* Pods-Belle De Jour.debug.xcconfig */;
			buildSettings = {
				ASSETCATALOG_COMPILER_APPICON_NAME = "AppIcon-2";
				CODE_SIGN_IDENTITY = "iPhone Developer";
				"CODE_SIGN_IDENTITY[sdk=iphoneos*]" = "iPhone Developer";
				ENABLE_BITCODE = NO;
				FRAMEWORK_SEARCH_PATHS = (
					"$(inherited)",
					"$(PROJECT_DIR)",
				);
				GCC_PREFIX_HEADER = "Belle De Jour/Belledejour.pch";
				INFOPLIST_FILE = "Belle De Jour/Info.plist";
				LD_RUNPATH_SEARCH_PATHS = "$(inherited) @executable_path/Frameworks";
				LIBRARY_SEARCH_PATHS = (
					"$(inherited)",
					"$(PROJECT_DIR)/TestFlightSDK3-2",
				);
				OTHER_LDFLAGS = "$(inherited)";
				PRODUCT_BUNDLE_IDENTIFIER = "com.springmoon.Belle-De-Jour-SPA";
				PRODUCT_NAME = "$(TARGET_NAME)";
				PROVISIONING_PROFILE = "";
			};
			name = Debug;
		};
		69993B331A1A5CC900A78ED6 /* Release */ = {
			isa = XCBuildConfiguration;
			baseConfigurationReference = E111271CB681B781608AC276 /* Pods-Belle De Jour.release.xcconfig */;
			buildSettings = {
				ASSETCATALOG_COMPILER_APPICON_NAME = "AppIcon-2";
				CODE_SIGN_IDENTITY = "iPhone Developer";
				"CODE_SIGN_IDENTITY[sdk=iphoneos*]" = "iPhone Developer";
				ENABLE_BITCODE = NO;
				FRAMEWORK_SEARCH_PATHS = (
					"$(inherited)",
					"$(PROJECT_DIR)",
				);
				GCC_PREFIX_HEADER = "Belle De Jour/Belledejour.pch";
				INFOPLIST_FILE = "Belle De Jour/Info.plist";
				LD_RUNPATH_SEARCH_PATHS = "$(inherited) @executable_path/Frameworks";
				LIBRARY_SEARCH_PATHS = (
					"$(inherited)",
					"$(PROJECT_DIR)/TestFlightSDK3-2",
				);
				OTHER_LDFLAGS = "$(inherited)";
				PRODUCT_BUNDLE_IDENTIFIER = "com.springmoon.Belle-De-Jour-SPA";
				PRODUCT_NAME = "$(TARGET_NAME)";
				PROVISIONING_PROFILE = "";
			};
			name = Release;
		};
		69993B351A1A5CC900A78ED6 /* Debug */ = {
			isa = XCBuildConfiguration;
			baseConfigurationReference = 5F1C53AAA1A1F7B1905723E1 /* Pods-Belle De JourTests.debug.xcconfig */;
			buildSettings = {
				BUNDLE_LOADER = "$(TEST_HOST)";
				ENABLE_BITCODE = NO;
				FRAMEWORK_SEARCH_PATHS = (
					"$(SDKROOT)/Developer/Library/Frameworks",
					"$(inherited)",
				);
				GCC_PREPROCESSOR_DEFINITIONS = (
					"DEBUG=1",
					"$(inherited)",
				);
				INFOPLIST_FILE = "Belle De JourTests/Info.plist";
				LD_RUNPATH_SEARCH_PATHS = "$(inherited) @executable_path/Frameworks @loader_path/Frameworks";
				OTHER_LDFLAGS = "$(inherited)";
				PRODUCT_NAME = "$(TARGET_NAME)";
				TEST_HOST = "$(BUILT_PRODUCTS_DIR)/Belle De Jour.app/Belle De Jour";
			};
			name = Debug;
		};
		69993B361A1A5CC900A78ED6 /* Release */ = {
			isa = XCBuildConfiguration;
			baseConfigurationReference = 9FF835C48B22A932AB0A079B /* Pods-Belle De JourTests.release.xcconfig */;
			buildSettings = {
				BUNDLE_LOADER = "$(TEST_HOST)";
				ENABLE_BITCODE = NO;
				FRAMEWORK_SEARCH_PATHS = (
					"$(SDKROOT)/Developer/Library/Frameworks",
					"$(inherited)",
				);
				INFOPLIST_FILE = "Belle De JourTests/Info.plist";
				LD_RUNPATH_SEARCH_PATHS = "$(inherited) @executable_path/Frameworks @loader_path/Frameworks";
				OTHER_LDFLAGS = "$(inherited)";
				PRODUCT_NAME = "$(TARGET_NAME)";
				TEST_HOST = "$(BUILT_PRODUCTS_DIR)/Belle De Jour.app/Belle De Jour";
			};
			name = Release;
		};
/* End XCBuildConfiguration section */

/* Begin XCConfigurationList section */
		69993B091A1A5CC900A78ED6 /* Build configuration list for PBXProject "Belle De Jour" */ = {
			isa = XCConfigurationList;
			buildConfigurations = (
				69993B2F1A1A5CC900A78ED6 /* Debug */,
				69993B301A1A5CC900A78ED6 /* Release */,
			);
			defaultConfigurationIsVisible = 0;
			defaultConfigurationName = Release;
		};
		69993B311A1A5CC900A78ED6 /* Build configuration list for PBXNativeTarget "Belle De Jour" */ = {
			isa = XCConfigurationList;
			buildConfigurations = (
				69993B321A1A5CC900A78ED6 /* Debug */,
				69993B331A1A5CC900A78ED6 /* Release */,
			);
			defaultConfigurationIsVisible = 0;
			defaultConfigurationName = Release;
		};
		69993B341A1A5CC900A78ED6 /* Build configuration list for PBXNativeTarget "Belle De JourTests" */ = {
			isa = XCConfigurationList;
			buildConfigurations = (
				69993B351A1A5CC900A78ED6 /* Debug */,
				69993B361A1A5CC900A78ED6 /* Release */,
			);
			defaultConfigurationIsVisible = 0;
			defaultConfigurationName = Release;
		};
/* End XCConfigurationList section */
	};
	rootObject = 69993B061A1A5CC900A78ED6 /* Project object */;
}
